// !$*UTF8*$!
{
	archiveVersion = 1;
	classes = {
	};
	objectVersion = 56;
	objects = {

/* Begin PBXBuildFile section */
		32074A132A2703DC00974276 /* MainView.swift in Sources */ = {isa = PBXBuildFile; fileRef = 32074A122A2703DC00974276 /* MainView.swift */; };
		32074A152A27042100974276 /* GymBroApp.swift in Sources */ = {isa = PBXBuildFile; fileRef = 32074A142A27042100974276 /* GymBroApp.swift */; };
		325CA9772A3015F400E24DE8 /* MainSettingView.swift in Sources */ = {isa = PBXBuildFile; fileRef = 325CA9762A3015F400E24DE8 /* MainSettingView.swift */; };
		32688C172A140132007C5A48 /* AchiCard_RoutineComplete.swift in Sources */ = {isa = PBXBuildFile; fileRef = 32688C162A140132007C5A48 /* AchiCard_RoutineComplete.swift */; };
		32688C192A140560007C5A48 /* AchiCard_TrainingVolume.swift in Sources */ = {isa = PBXBuildFile; fileRef = 32688C182A140560007C5A48 /* AchiCard_TrainingVolume.swift */; };
		32688C1B2A14056C007C5A48 /* AchiCard_GoalAchieve.swift in Sources */ = {isa = PBXBuildFile; fileRef = 32688C1A2A14056C007C5A48 /* AchiCard_GoalAchieve.swift */; };
		32688C1D2A140585007C5A48 /* AchiCard_PRHit.swift in Sources */ = {isa = PBXBuildFile; fileRef = 32688C1C2A140585007C5A48 /* AchiCard_PRHit.swift */; };
		3272E74B2A4697F300A4776F /* NavigationStackController.swift in Sources */ = {isa = PBXBuildFile; fileRef = 3272E7492A4697F300A4776F /* NavigationStackController.swift */; };
		3272E74C2A4697F300A4776F /* TabController.swift in Sources */ = {isa = PBXBuildFile; fileRef = 3272E74A2A4697F300A4776F /* TabController.swift */; };
		3272E7582A4698DF00A4776F /* DismissButtonView.swift in Sources */ = {isa = PBXBuildFile; fileRef = 3272E7562A4698DF00A4776F /* DismissButtonView.swift */; };
		3272E7592A4698DF00A4776F /* Extensions.swift in Sources */ = {isa = PBXBuildFile; fileRef = 3272E7572A4698DF00A4776F /* Extensions.swift */; };
		3280D8E02A493D6500F722EA /* MainView_FiveTab.swift in Sources */ = {isa = PBXBuildFile; fileRef = 3280D8DF2A493D6500F722EA /* MainView_FiveTab.swift */; };
		3280D8FE2A4943AD00F722EA /* RExer_AdExerShe_AddNewExerciseSheet.swift in Sources */ = {isa = PBXBuildFile; fileRef = 3280D8F62A4943AD00F722EA /* RExer_AdExerShe_AddNewExerciseSheet.swift */; };
		3280D8FF2A4943AD00F722EA /* RoutineSelectionView_AddRoutineSheet.swift in Sources */ = {isa = PBXBuildFile; fileRef = 3280D8F72A4943AD00F722EA /* RoutineSelectionView_AddRoutineSheet.swift */; };
		3280D9002A4943AD00F722EA /* NewRoutineView.swift in Sources */ = {isa = PBXBuildFile; fileRef = 3280D8F82A4943AD00F722EA /* NewRoutineView.swift */; };
		3280D9012A4943AD00F722EA /* RExercise_SetRow_UpdateSetSheet.swift in Sources */ = {isa = PBXBuildFile; fileRef = 3280D8F92A4943AD00F722EA /* RExercise_SetRow_UpdateSetSheet.swift */; };
		3280D9022A4943AD00F722EA /* RoutineExerciseView.swift in Sources */ = {isa = PBXBuildFile; fileRef = 3280D8FA2A4943AD00F722EA /* RoutineExerciseView.swift */; };
		3280D9032A4943AD00F722EA /* RoutineSelectionVIew.swift in Sources */ = {isa = PBXBuildFile; fileRef = 3280D8FB2A4943AD00F722EA /* RoutineSelectionVIew.swift */; };
		3280D9042A4943AD00F722EA /* RExercise_SetRow_AddSetSheet.swift in Sources */ = {isa = PBXBuildFile; fileRef = 3280D8FC2A4943AD00F722EA /* RExercise_SetRow_AddSetSheet.swift */; };
		3280D9052A4943AD00F722EA /* RExercise_AddExerciseSheet.swift in Sources */ = {isa = PBXBuildFile; fileRef = 3280D8FD2A4943AD00F722EA /* RExercise_AddExerciseSheet.swift */; };
		3280D90E2A4943C400F722EA /* MInfoView_AchiSheet_QPopup.swift in Sources */ = {isa = PBXBuildFile; fileRef = 3280D9062A4943C400F722EA /* MInfoView_AchiSheet_QPopup.swift */; };
		3280D90F2A4943C400F722EA /* PulseProgressBar.swift in Sources */ = {isa = PBXBuildFile; fileRef = 3280D9072A4943C400F722EA /* PulseProgressBar.swift */; };
		3280D9102A4943C400F722EA /* MainInfoView_GoalListRow.swift in Sources */ = {isa = PBXBuildFile; fileRef = 3280D9082A4943C400F722EA /* MainInfoView_GoalListRow.swift */; };
		3280D9112A4943C400F722EA /* MainInfoView.swift in Sources */ = {isa = PBXBuildFile; fileRef = 3280D9092A4943C400F722EA /* MainInfoView.swift */; };
		3280D9122A4943C400F722EA /* MInfoView_AchiSheet.swift in Sources */ = {isa = PBXBuildFile; fileRef = 3280D90A2A4943C400F722EA /* MInfoView_AchiSheet.swift */; };
		3280D9132A4943C400F722EA /* MainInfoView_PersonaSheet.swift in Sources */ = {isa = PBXBuildFile; fileRef = 3280D90B2A4943C400F722EA /* MainInfoView_PersonaSheet.swift */; };
		3280D9142A4943C400F722EA /* MInfoView_AchiCard.swift in Sources */ = {isa = PBXBuildFile; fileRef = 3280D90C2A4943C400F722EA /* MInfoView_AchiCard.swift */; };
		3280D9152A4943C400F722EA /* MainInfoView_GoalSheet.swift in Sources */ = {isa = PBXBuildFile; fileRef = 3280D90D2A4943C400F722EA /* MainInfoView_GoalSheet.swift */; };
		3280D91B2A49441600F722EA /* IntroHistoryView.swift in Sources */ = {isa = PBXBuildFile; fileRef = 3280D9162A49441600F722EA /* IntroHistoryView.swift */; };
		3280D91C2A49441600F722EA /* IntroHistoryView_ListRow.swift in Sources */ = {isa = PBXBuildFile; fileRef = 3280D9172A49441600F722EA /* IntroHistoryView_ListRow.swift */; };
		3280D91D2A49441600F722EA /* RDetailView_ESummaryRow.swift in Sources */ = {isa = PBXBuildFile; fileRef = 3280D9182A49441600F722EA /* RDetailView_ESummaryRow.swift */; };
		3280D91E2A49441600F722EA /* RDetailView_SetRow.swift in Sources */ = {isa = PBXBuildFile; fileRef = 3280D9192A49441600F722EA /* RDetailView_SetRow.swift */; };
		3280D91F2A49441600F722EA /* RoutineDetailView.swift in Sources */ = {isa = PBXBuildFile; fileRef = 3280D91A2A49441600F722EA /* RoutineDetailView.swift */; };
		3280D9212A49443500F722EA /* AchiCardRegister.swift in Sources */ = {isa = PBXBuildFile; fileRef = 3280D9202A49443500F722EA /* AchiCardRegister.swift */; };
		3280D9232A49449A00F722EA /* MainChartView.swift in Sources */ = {isa = PBXBuildFile; fileRef = 3280D9222A49449A00F722EA /* MainChartView.swift */; };
		329FCAE52A154EEA00A5EA98 /* AchiCardProperty.swift in Sources */ = {isa = PBXBuildFile; fileRef = 329FCAE42A154EEA00A5EA98 /* AchiCardProperty.swift */; };
		8C7C12E029F1BC36004026E8 /* SettingView_NotificationSettingView.swift in Sources */ = {isa = PBXBuildFile; fileRef = 8C7C12DF29F1BC36004026E8 /* SettingView_NotificationSettingView.swift */; };
		8C7C12E229F1BC68004026E8 /* SettingView_HelpCenterView.swift in Sources */ = {isa = PBXBuildFile; fileRef = 8C7C12E129F1BC68004026E8 /* SettingView_HelpCenterView.swift */; };
		8C7C12E429F1BC86004026E8 /* SettingView_ReportIssueSheet.swift in Sources */ = {isa = PBXBuildFile; fileRef = 8C7C12E329F1BC86004026E8 /* SettingView_ReportIssueSheet.swift */; };
		8C7C12E629F1BCB9004026E8 /* SettingView_RateTheAppView.swift in Sources */ = {isa = PBXBuildFile; fileRef = 8C7C12E529F1BCB9004026E8 /* SettingView_RateTheAppView.swift */; };
		8C7C12E829F1BCCF004026E8 /* SettingView_ExportDataView.swift in Sources */ = {isa = PBXBuildFile; fileRef = 8C7C12E729F1BCCF004026E8 /* SettingView_ExportDataView.swift */; };
		8CE71EA329A721D3006EEFE7 /* Assets.xcassets in Resources */ = {isa = PBXBuildFile; fileRef = 8CE71EA229A721D3006EEFE7 /* Assets.xcassets */; };
		8CE71EA629A721D3006EEFE7 /* Preview Assets.xcassets in Resources */ = {isa = PBXBuildFile; fileRef = 8CE71EA529A721D3006EEFE7 /* Preview Assets.xcassets */; };
		8CE71EB029A721D3006EEFE7 /* GymBroTests.swift in Sources */ = {isa = PBXBuildFile; fileRef = 8CE71EAF29A721D3006EEFE7 /* GymBroTests.swift */; };
		8CE71EBA29A721D3006EEFE7 /* GymBroUITests.swift in Sources */ = {isa = PBXBuildFile; fileRef = 8CE71EB929A721D3006EEFE7 /* GymBroUITests.swift */; };
		8CE71EBC29A721D3006EEFE7 /* GymBroUITestsLaunchTests.swift in Sources */ = {isa = PBXBuildFile; fileRef = 8CE71EBB29A721D3006EEFE7 /* GymBroUITestsLaunchTests.swift */; };
/* End PBXBuildFile section */

/* Begin PBXContainerItemProxy section */
		8CE71EAC29A721D3006EEFE7 /* PBXContainerItemProxy */ = {
			isa = PBXContainerItemProxy;
			containerPortal = 8CE71E9329A721D2006EEFE7 /* Project object */;
			proxyType = 1;
			remoteGlobalIDString = 8CE71E9A29A721D2006EEFE7;
			remoteInfo = GymBro;
		};
		8CE71EB629A721D3006EEFE7 /* PBXContainerItemProxy */ = {
			isa = PBXContainerItemProxy;
			containerPortal = 8CE71E9329A721D2006EEFE7 /* Project object */;
			proxyType = 1;
			remoteGlobalIDString = 8CE71E9A29A721D2006EEFE7;
			remoteInfo = GymBro;
		};
/* End PBXContainerItemProxy section */

/* Begin PBXFileReference section */
		32074A122A2703DC00974276 /* MainView.swift */ = {isa = PBXFileReference; fileEncoding = 4; lastKnownFileType = sourcecode.swift; path = MainView.swift; sourceTree = "<group>"; };
		32074A142A27042100974276 /* GymBroApp.swift */ = {isa = PBXFileReference; fileEncoding = 4; lastKnownFileType = sourcecode.swift; path = GymBroApp.swift; sourceTree = "<group>"; };
		325CA9762A3015F400E24DE8 /* MainSettingView.swift */ = {isa = PBXFileReference; fileEncoding = 4; lastKnownFileType = sourcecode.swift; path = MainSettingView.swift; sourceTree = "<group>"; };
		32688C162A140132007C5A48 /* AchiCard_RoutineComplete.swift */ = {isa = PBXFileReference; lastKnownFileType = sourcecode.swift; path = AchiCard_RoutineComplete.swift; sourceTree = "<group>"; };
		32688C182A140560007C5A48 /* AchiCard_TrainingVolume.swift */ = {isa = PBXFileReference; lastKnownFileType = sourcecode.swift; path = AchiCard_TrainingVolume.swift; sourceTree = "<group>"; };
		32688C1A2A14056C007C5A48 /* AchiCard_GoalAchieve.swift */ = {isa = PBXFileReference; lastKnownFileType = sourcecode.swift; path = AchiCard_GoalAchieve.swift; sourceTree = "<group>"; };
		32688C1C2A140585007C5A48 /* AchiCard_PRHit.swift */ = {isa = PBXFileReference; lastKnownFileType = sourcecode.swift; path = AchiCard_PRHit.swift; sourceTree = "<group>"; };
		3272E7492A4697F300A4776F /* NavigationStackController.swift */ = {isa = PBXFileReference; fileEncoding = 4; lastKnownFileType = sourcecode.swift; path = NavigationStackController.swift; sourceTree = "<group>"; };
		3272E74A2A4697F300A4776F /* TabController.swift */ = {isa = PBXFileReference; fileEncoding = 4; lastKnownFileType = sourcecode.swift; path = TabController.swift; sourceTree = "<group>"; };
		3272E7562A4698DF00A4776F /* DismissButtonView.swift */ = {isa = PBXFileReference; fileEncoding = 4; lastKnownFileType = sourcecode.swift; path = DismissButtonView.swift; sourceTree = "<group>"; };
		3272E7572A4698DF00A4776F /* Extensions.swift */ = {isa = PBXFileReference; fileEncoding = 4; lastKnownFileType = sourcecode.swift; path = Extensions.swift; sourceTree = "<group>"; };
		3280D8DF2A493D6500F722EA /* MainView_FiveTab.swift */ = {isa = PBXFileReference; fileEncoding = 4; lastKnownFileType = sourcecode.swift; path = MainView_FiveTab.swift; sourceTree = "<group>"; };
		3280D8F62A4943AD00F722EA /* RExer_AdExerShe_AddNewExerciseSheet.swift */ = {isa = PBXFileReference; fileEncoding = 4; lastKnownFileType = sourcecode.swift; path = RExer_AdExerShe_AddNewExerciseSheet.swift; sourceTree = "<group>"; };
		3280D8F72A4943AD00F722EA /* RoutineSelectionView_AddRoutineSheet.swift */ = {isa = PBXFileReference; fileEncoding = 4; lastKnownFileType = sourcecode.swift; path = RoutineSelectionView_AddRoutineSheet.swift; sourceTree = "<group>"; };
		3280D8F82A4943AD00F722EA /* NewRoutineView.swift */ = {isa = PBXFileReference; fileEncoding = 4; lastKnownFileType = sourcecode.swift; path = NewRoutineView.swift; sourceTree = "<group>"; };
		3280D8F92A4943AD00F722EA /* RExercise_SetRow_UpdateSetSheet.swift */ = {isa = PBXFileReference; fileEncoding = 4; lastKnownFileType = sourcecode.swift; path = RExercise_SetRow_UpdateSetSheet.swift; sourceTree = "<group>"; };
		3280D8FA2A4943AD00F722EA /* RoutineExerciseView.swift */ = {isa = PBXFileReference; fileEncoding = 4; lastKnownFileType = sourcecode.swift; path = RoutineExerciseView.swift; sourceTree = "<group>"; };
		3280D8FB2A4943AD00F722EA /* RoutineSelectionVIew.swift */ = {isa = PBXFileReference; fileEncoding = 4; lastKnownFileType = sourcecode.swift; path = RoutineSelectionVIew.swift; sourceTree = "<group>"; };
		3280D8FC2A4943AD00F722EA /* RExercise_SetRow_AddSetSheet.swift */ = {isa = PBXFileReference; fileEncoding = 4; lastKnownFileType = sourcecode.swift; path = RExercise_SetRow_AddSetSheet.swift; sourceTree = "<group>"; };
		3280D8FD2A4943AD00F722EA /* RExercise_AddExerciseSheet.swift */ = {isa = PBXFileReference; fileEncoding = 4; lastKnownFileType = sourcecode.swift; path = RExercise_AddExerciseSheet.swift; sourceTree = "<group>"; };
		3280D9062A4943C400F722EA /* MInfoView_AchiSheet_QPopup.swift */ = {isa = PBXFileReference; fileEncoding = 4; lastKnownFileType = sourcecode.swift; path = MInfoView_AchiSheet_QPopup.swift; sourceTree = "<group>"; };
		3280D9072A4943C400F722EA /* PulseProgressBar.swift */ = {isa = PBXFileReference; fileEncoding = 4; lastKnownFileType = sourcecode.swift; path = PulseProgressBar.swift; sourceTree = "<group>"; };
		3280D9082A4943C400F722EA /* MainInfoView_GoalListRow.swift */ = {isa = PBXFileReference; fileEncoding = 4; lastKnownFileType = sourcecode.swift; path = MainInfoView_GoalListRow.swift; sourceTree = "<group>"; };
		3280D9092A4943C400F722EA /* MainInfoView.swift */ = {isa = PBXFileReference; fileEncoding = 4; lastKnownFileType = sourcecode.swift; path = MainInfoView.swift; sourceTree = "<group>"; };
		3280D90A2A4943C400F722EA /* MInfoView_AchiSheet.swift */ = {isa = PBXFileReference; fileEncoding = 4; lastKnownFileType = sourcecode.swift; path = MInfoView_AchiSheet.swift; sourceTree = "<group>"; };
		3280D90B2A4943C400F722EA /* MainInfoView_PersonaSheet.swift */ = {isa = PBXFileReference; fileEncoding = 4; lastKnownFileType = sourcecode.swift; path = MainInfoView_PersonaSheet.swift; sourceTree = "<group>"; };
		3280D90C2A4943C400F722EA /* MInfoView_AchiCard.swift */ = {isa = PBXFileReference; fileEncoding = 4; lastKnownFileType = sourcecode.swift; path = MInfoView_AchiCard.swift; sourceTree = "<group>"; };
		3280D90D2A4943C400F722EA /* MainInfoView_GoalSheet.swift */ = {isa = PBXFileReference; fileEncoding = 4; lastKnownFileType = sourcecode.swift; path = MainInfoView_GoalSheet.swift; sourceTree = "<group>"; };
		3280D9162A49441600F722EA /* IntroHistoryView.swift */ = {isa = PBXFileReference; fileEncoding = 4; lastKnownFileType = sourcecode.swift; path = IntroHistoryView.swift; sourceTree = "<group>"; };
		3280D9172A49441600F722EA /* IntroHistoryView_ListRow.swift */ = {isa = PBXFileReference; fileEncoding = 4; lastKnownFileType = sourcecode.swift; path = IntroHistoryView_ListRow.swift; sourceTree = "<group>"; };
		3280D9182A49441600F722EA /* RDetailView_ESummaryRow.swift */ = {isa = PBXFileReference; fileEncoding = 4; lastKnownFileType = sourcecode.swift; path = RDetailView_ESummaryRow.swift; sourceTree = "<group>"; };
		3280D9192A49441600F722EA /* RDetailView_SetRow.swift */ = {isa = PBXFileReference; fileEncoding = 4; lastKnownFileType = sourcecode.swift; path = RDetailView_SetRow.swift; sourceTree = "<group>"; };
		3280D91A2A49441600F722EA /* RoutineDetailView.swift */ = {isa = PBXFileReference; fileEncoding = 4; lastKnownFileType = sourcecode.swift; path = RoutineDetailView.swift; sourceTree = "<group>"; };
		3280D9202A49443500F722EA /* AchiCardRegister.swift */ = {isa = PBXFileReference; fileEncoding = 4; lastKnownFileType = sourcecode.swift; path = AchiCardRegister.swift; sourceTree = "<group>"; };
		3280D9222A49449A00F722EA /* MainChartView.swift */ = {isa = PBXFileReference; fileEncoding = 4; lastKnownFileType = sourcecode.swift; path = MainChartView.swift; sourceTree = "<group>"; };
		329FCAE42A154EEA00A5EA98 /* AchiCardProperty.swift */ = {isa = PBXFileReference; lastKnownFileType = sourcecode.swift; path = AchiCardProperty.swift; sourceTree = "<group>"; };
		8C7C12DF29F1BC36004026E8 /* SettingView_NotificationSettingView.swift */ = {isa = PBXFileReference; lastKnownFileType = sourcecode.swift; path = SettingView_NotificationSettingView.swift; sourceTree = "<group>"; };
		8C7C12E129F1BC68004026E8 /* SettingView_HelpCenterView.swift */ = {isa = PBXFileReference; lastKnownFileType = sourcecode.swift; path = SettingView_HelpCenterView.swift; sourceTree = "<group>"; };
		8C7C12E329F1BC86004026E8 /* SettingView_ReportIssueSheet.swift */ = {isa = PBXFileReference; lastKnownFileType = sourcecode.swift; path = SettingView_ReportIssueSheet.swift; sourceTree = "<group>"; };
		8C7C12E529F1BCB9004026E8 /* SettingView_RateTheAppView.swift */ = {isa = PBXFileReference; lastKnownFileType = sourcecode.swift; path = SettingView_RateTheAppView.swift; sourceTree = "<group>"; };
		8C7C12E729F1BCCF004026E8 /* SettingView_ExportDataView.swift */ = {isa = PBXFileReference; lastKnownFileType = sourcecode.swift; path = SettingView_ExportDataView.swift; sourceTree = "<group>"; };
		8CE71E9B29A721D2006EEFE7 /* GymBro.app */ = {isa = PBXFileReference; explicitFileType = wrapper.application; includeInIndex = 0; path = GymBro.app; sourceTree = BUILT_PRODUCTS_DIR; };
		8CE71EA229A721D3006EEFE7 /* Assets.xcassets */ = {isa = PBXFileReference; lastKnownFileType = folder.assetcatalog; path = Assets.xcassets; sourceTree = "<group>"; };
		8CE71EA529A721D3006EEFE7 /* Preview Assets.xcassets */ = {isa = PBXFileReference; lastKnownFileType = folder.assetcatalog; path = "Preview Assets.xcassets"; sourceTree = "<group>"; };
		8CE71EAB29A721D3006EEFE7 /* GymBroTests.xctest */ = {isa = PBXFileReference; explicitFileType = wrapper.cfbundle; includeInIndex = 0; path = GymBroTests.xctest; sourceTree = BUILT_PRODUCTS_DIR; };
		8CE71EAF29A721D3006EEFE7 /* GymBroTests.swift */ = {isa = PBXFileReference; lastKnownFileType = sourcecode.swift; path = GymBroTests.swift; sourceTree = "<group>"; };
		8CE71EB529A721D3006EEFE7 /* GymBroUITests.xctest */ = {isa = PBXFileReference; explicitFileType = wrapper.cfbundle; includeInIndex = 0; path = GymBroUITests.xctest; sourceTree = BUILT_PRODUCTS_DIR; };
		8CE71EB929A721D3006EEFE7 /* GymBroUITests.swift */ = {isa = PBXFileReference; lastKnownFileType = sourcecode.swift; path = GymBroUITests.swift; sourceTree = "<group>"; };
		8CE71EBB29A721D3006EEFE7 /* GymBroUITestsLaunchTests.swift */ = {isa = PBXFileReference; lastKnownFileType = sourcecode.swift; path = GymBroUITestsLaunchTests.swift; sourceTree = "<group>"; };
/* End PBXFileReference section */

/* Begin PBXFrameworksBuildPhase section */
		8CE71E9829A721D2006EEFE7 /* Frameworks */ = {
			isa = PBXFrameworksBuildPhase;
			buildActionMask = 2147483647;
			files = (
			);
			runOnlyForDeploymentPostprocessing = 0;
		};
		8CE71EA829A721D3006EEFE7 /* Frameworks */ = {
			isa = PBXFrameworksBuildPhase;
			buildActionMask = 2147483647;
			files = (
			);
			runOnlyForDeploymentPostprocessing = 0;
		};
		8CE71EB229A721D3006EEFE7 /* Frameworks */ = {
			isa = PBXFrameworksBuildPhase;
			buildActionMask = 2147483647;
			files = (
			);
			runOnlyForDeploymentPostprocessing = 0;
		};
/* End PBXFrameworksBuildPhase section */

/* Begin PBXGroup section */
		321DDBD52A0210220067A96E /* Recovered References */ = {
			isa = PBXGroup;
			children = (
			);
			name = "Recovered References";
			sourceTree = "<group>";
		};
		32688C152A1400B7007C5A48 /* AchievementCard */ = {
			isa = PBXGroup;
			children = (
				3280D9202A49443500F722EA /* AchiCardRegister.swift */,
				329FCAE42A154EEA00A5EA98 /* AchiCardProperty.swift */,
				32688C162A140132007C5A48 /* AchiCard_RoutineComplete.swift */,
				32688C1A2A14056C007C5A48 /* AchiCard_GoalAchieve.swift */,
				32688C182A140560007C5A48 /* AchiCard_TrainingVolume.swift */,
				32688C1C2A140585007C5A48 /* AchiCard_PRHit.swift */,
			);
			path = AchievementCard;
			sourceTree = "<group>";
		};
		3272E7382A4690FA00A4776F /* Controller */ = {
			isa = PBXGroup;
			children = (
				3272E7492A4697F300A4776F /* NavigationStackController.swift */,
				3272E74A2A4697F300A4776F /* TabController.swift */,
			);
			path = Controller;
			sourceTree = "<group>";
		};
		3272E7552A46989200A4776F /* Extension */ = {
			isa = PBXGroup;
			children = (
				3272E7572A4698DF00A4776F /* Extensions.swift */,
			);
			path = Extension;
			sourceTree = "<group>";
		};
		32A2FEE02A47EC13002768D0 /* ViewComponent */ = {
			isa = PBXGroup;
			children = (
				3272E7562A4698DF00A4776F /* DismissButtonView.swift */,
			);
			path = ViewComponent;
			sourceTree = "<group>";
		};
		8C1D7DD529E0C537009C18B3 /* InfoViews */ = {
			isa = PBXGroup;
			children = (
				3280D9082A4943C400F722EA /* MainInfoView_GoalListRow.swift */,
				3280D90D2A4943C400F722EA /* MainInfoView_GoalSheet.swift */,
				3280D90B2A4943C400F722EA /* MainInfoView_PersonaSheet.swift */,
				3280D9092A4943C400F722EA /* MainInfoView.swift */,
				3280D90C2A4943C400F722EA /* MInfoView_AchiCard.swift */,
				3280D9062A4943C400F722EA /* MInfoView_AchiSheet_QPopup.swift */,
				3280D90A2A4943C400F722EA /* MInfoView_AchiSheet.swift */,
				3280D9072A4943C400F722EA /* PulseProgressBar.swift */,
				32688C152A1400B7007C5A48 /* AchievementCard */,
			);
			path = InfoViews;
			sourceTree = "<group>";
		};
		8C8F367629DBA04400ED087B /* Views */ = {
			isa = PBXGroup;
			children = (
				3280D8DF2A493D6500F722EA /* MainView_FiveTab.swift */,
				32074A122A2703DC00974276 /* MainView.swift */,
				8C8F368229DBA16E00ED087B /* RoutineViews */,
				8C8F368629DBA1CA00ED087B /* ChartViews */,
				8C8F368429DBA18E00ED087B /* SettingViews */,
				8C1D7DD529E0C537009C18B3 /* InfoViews */,
				8C8F368129DBA14E00ED087B /* HistoryViews */,
			);
			path = Views;
			sourceTree = "<group>";
		};
		8C8F367729DBA04E00ED087B /* Models */ = {
			isa = PBXGroup;
			children = (
			);
			path = Models;
			sourceTree = "<group>";
		};
		8C8F367929DBA06D00ED087B /* ViewModels */ = {
			isa = PBXGroup;
			children = (
			);
			path = ViewModels;
			sourceTree = "<group>";
		};
		8C8F368129DBA14E00ED087B /* HistoryViews */ = {
			isa = PBXGroup;
			children = (
				3280D9172A49441600F722EA /* IntroHistoryView_ListRow.swift */,
				3280D9162A49441600F722EA /* IntroHistoryView.swift */,
				3280D9182A49441600F722EA /* RDetailView_ESummaryRow.swift */,
				3280D9192A49441600F722EA /* RDetailView_SetRow.swift */,
				3280D91A2A49441600F722EA /* RoutineDetailView.swift */,
			);
			path = HistoryViews;
			sourceTree = "<group>";
		};
		8C8F368229DBA16E00ED087B /* RoutineViews */ = {
			isa = PBXGroup;
			children = (
				3280D8F82A4943AD00F722EA /* NewRoutineView.swift */,
				3280D8F62A4943AD00F722EA /* RExer_AdExerShe_AddNewExerciseSheet.swift */,
				3280D8FD2A4943AD00F722EA /* RExercise_AddExerciseSheet.swift */,
				3280D8FC2A4943AD00F722EA /* RExercise_SetRow_AddSetSheet.swift */,
				3280D8F92A4943AD00F722EA /* RExercise_SetRow_UpdateSetSheet.swift */,
				3280D8FA2A4943AD00F722EA /* RoutineExerciseView.swift */,
				3280D8F72A4943AD00F722EA /* RoutineSelectionView_AddRoutineSheet.swift */,
				3280D8FB2A4943AD00F722EA /* RoutineSelectionVIew.swift */,
			);
			path = RoutineViews;
			sourceTree = "<group>";
		};
		8C8F368429DBA18E00ED087B /* SettingViews */ = {
			isa = PBXGroup;
			children = (
				8C7C12E729F1BCCF004026E8 /* SettingView_ExportDataView.swift */,
				325CA9762A3015F400E24DE8 /* MainSettingView.swift */,
				8C7C12E529F1BCB9004026E8 /* SettingView_RateTheAppView.swift */,
				8C7C12E329F1BC86004026E8 /* SettingView_ReportIssueSheet.swift */,
				8C7C12E129F1BC68004026E8 /* SettingView_HelpCenterView.swift */,
				8C7C12DF29F1BC36004026E8 /* SettingView_NotificationSettingView.swift */,
			);
			path = SettingViews;
			sourceTree = "<group>";
		};
		8C8F368629DBA1CA00ED087B /* ChartViews */ = {
			isa = PBXGroup;
			children = (
				3280D9222A49449A00F722EA /* MainChartView.swift */,
			);
			path = ChartViews;
			sourceTree = "<group>";
		};
		8CE71E9229A721D2006EEFE7 = {
			isa = PBXGroup;
			children = (
				8CE71E9D29A721D2006EEFE7 /* GymBro */,
				8CE71EAE29A721D3006EEFE7 /* GymBroTests */,
				8CE71EB829A721D3006EEFE7 /* GymBroUITests */,
				8CE71E9C29A721D2006EEFE7 /* Products */,
				321DDBD52A0210220067A96E /* Recovered References */,
			);
			sourceTree = "<group>";
		};
		8CE71E9C29A721D2006EEFE7 /* Products */ = {
			isa = PBXGroup;
			children = (
				8CE71E9B29A721D2006EEFE7 /* GymBro.app */,
				8CE71EAB29A721D3006EEFE7 /* GymBroTests.xctest */,
				8CE71EB529A721D3006EEFE7 /* GymBroUITests.xctest */,
			);
			name = Products;
			sourceTree = "<group>";
		};
		8CE71E9D29A721D2006EEFE7 /* GymBro */ = {
			isa = PBXGroup;
			children = (
				32074A142A27042100974276 /* GymBroApp.swift */,
				32A2FEE02A47EC13002768D0 /* ViewComponent */,
				3272E7552A46989200A4776F /* Extension */,
				3272E7382A4690FA00A4776F /* Controller */,
				8C8F367929DBA06D00ED087B /* ViewModels */,
				8C8F367729DBA04E00ED087B /* Models */,
				8C8F367629DBA04400ED087B /* Views */,
				8CE71EA229A721D3006EEFE7 /* Assets.xcassets */,
				8CE71EA429A721D3006EEFE7 /* Preview Content */,
			);
			path = GymBro;
			sourceTree = "<group>";
		};
		8CE71EA429A721D3006EEFE7 /* Preview Content */ = {
			isa = PBXGroup;
			children = (
				8CE71EA529A721D3006EEFE7 /* Preview Assets.xcassets */,
			);
			path = "Preview Content";
			sourceTree = "<group>";
		};
		8CE71EAE29A721D3006EEFE7 /* GymBroTests */ = {
			isa = PBXGroup;
			children = (
				8CE71EAF29A721D3006EEFE7 /* GymBroTests.swift */,
			);
			path = GymBroTests;
			sourceTree = "<group>";
		};
		8CE71EB829A721D3006EEFE7 /* GymBroUITests */ = {
			isa = PBXGroup;
			children = (
				8CE71EB929A721D3006EEFE7 /* GymBroUITests.swift */,
				8CE71EBB29A721D3006EEFE7 /* GymBroUITestsLaunchTests.swift */,
			);
			path = GymBroUITests;
			sourceTree = "<group>";
		};
/* End PBXGroup section */

/* Begin PBXNativeTarget section */
		8CE71E9A29A721D2006EEFE7 /* GymBro */ = {
			isa = PBXNativeTarget;
			buildConfigurationList = 8CE71EBF29A721D3006EEFE7 /* Build configuration list for PBXNativeTarget "GymBro" */;
			buildPhases = (
				8CE71E9729A721D2006EEFE7 /* Sources */,
				8CE71E9829A721D2006EEFE7 /* Frameworks */,
				8CE71E9929A721D2006EEFE7 /* Resources */,
			);
			buildRules = (
			);
			dependencies = (
			);
			name = GymBro;
			productName = GymBro;
			productReference = 8CE71E9B29A721D2006EEFE7 /* GymBro.app */;
			productType = "com.apple.product-type.application";
		};
		8CE71EAA29A721D3006EEFE7 /* GymBroTests */ = {
			isa = PBXNativeTarget;
			buildConfigurationList = 8CE71EC229A721D3006EEFE7 /* Build configuration list for PBXNativeTarget "GymBroTests" */;
			buildPhases = (
				8CE71EA729A721D3006EEFE7 /* Sources */,
				8CE71EA829A721D3006EEFE7 /* Frameworks */,
				8CE71EA929A721D3006EEFE7 /* Resources */,
			);
			buildRules = (
			);
			dependencies = (
				8CE71EAD29A721D3006EEFE7 /* PBXTargetDependency */,
			);
			name = GymBroTests;
			productName = GymBroTests;
			productReference = 8CE71EAB29A721D3006EEFE7 /* GymBroTests.xctest */;
			productType = "com.apple.product-type.bundle.unit-test";
		};
		8CE71EB429A721D3006EEFE7 /* GymBroUITests */ = {
			isa = PBXNativeTarget;
			buildConfigurationList = 8CE71EC529A721D3006EEFE7 /* Build configuration list for PBXNativeTarget "GymBroUITests" */;
			buildPhases = (
				8CE71EB129A721D3006EEFE7 /* Sources */,
				8CE71EB229A721D3006EEFE7 /* Frameworks */,
				8CE71EB329A721D3006EEFE7 /* Resources */,
			);
			buildRules = (
			);
			dependencies = (
				8CE71EB729A721D3006EEFE7 /* PBXTargetDependency */,
			);
			name = GymBroUITests;
			productName = GymBroUITests;
			productReference = 8CE71EB529A721D3006EEFE7 /* GymBroUITests.xctest */;
			productType = "com.apple.product-type.bundle.ui-testing";
		};
/* End PBXNativeTarget section */

/* Begin PBXProject section */
		8CE71E9329A721D2006EEFE7 /* Project object */ = {
			isa = PBXProject;
			attributes = {
				BuildIndependentTargetsInParallel = 1;
				LastSwiftUpdateCheck = 1420;
				LastUpgradeCheck = 1420;
				TargetAttributes = {
					8CE71E9A29A721D2006EEFE7 = {
						CreatedOnToolsVersion = 14.2;
					};
					8CE71EAA29A721D3006EEFE7 = {
						CreatedOnToolsVersion = 14.2;
						TestTargetID = 8CE71E9A29A721D2006EEFE7;
					};
					8CE71EB429A721D3006EEFE7 = {
						CreatedOnToolsVersion = 14.2;
						TestTargetID = 8CE71E9A29A721D2006EEFE7;
					};
				};
			};
			buildConfigurationList = 8CE71E9629A721D2006EEFE7 /* Build configuration list for PBXProject "GymBro" */;
			compatibilityVersion = "Xcode 14.0";
			developmentRegion = en;
			hasScannedForEncodings = 0;
			knownRegions = (
				en,
				Base,
			);
			mainGroup = 8CE71E9229A721D2006EEFE7;
			productRefGroup = 8CE71E9C29A721D2006EEFE7 /* Products */;
			projectDirPath = "";
			projectRoot = "";
			targets = (
				8CE71E9A29A721D2006EEFE7 /* GymBro */,
				8CE71EAA29A721D3006EEFE7 /* GymBroTests */,
				8CE71EB429A721D3006EEFE7 /* GymBroUITests */,
			);
		};
/* End PBXProject section */

/* Begin PBXResourcesBuildPhase section */
		8CE71E9929A721D2006EEFE7 /* Resources */ = {
			isa = PBXResourcesBuildPhase;
			buildActionMask = 2147483647;
			files = (
				8CE71EA629A721D3006EEFE7 /* Preview Assets.xcassets in Resources */,
				8CE71EA329A721D3006EEFE7 /* Assets.xcassets in Resources */,
			);
			runOnlyForDeploymentPostprocessing = 0;
		};
		8CE71EA929A721D3006EEFE7 /* Resources */ = {
			isa = PBXResourcesBuildPhase;
			buildActionMask = 2147483647;
			files = (
			);
			runOnlyForDeploymentPostprocessing = 0;
		};
		8CE71EB329A721D3006EEFE7 /* Resources */ = {
			isa = PBXResourcesBuildPhase;
			buildActionMask = 2147483647;
			files = (
			);
			runOnlyForDeploymentPostprocessing = 0;
		};
/* End PBXResourcesBuildPhase section */

/* Begin PBXSourcesBuildPhase section */
		8CE71E9729A721D2006EEFE7 /* Sources */ = {
			isa = PBXSourcesBuildPhase;
			buildActionMask = 2147483647;
			files = (
				3280D9122A4943C400F722EA /* MInfoView_AchiSheet.swift in Sources */,
				3272E74B2A4697F300A4776F /* NavigationStackController.swift in Sources */,
				329FCAE52A154EEA00A5EA98 /* AchiCardProperty.swift in Sources */,
				3272E7582A4698DF00A4776F /* DismissButtonView.swift in Sources */,
				3280D9142A4943C400F722EA /* MInfoView_AchiCard.swift in Sources */,
				3280D90E2A4943C400F722EA /* MInfoView_AchiSheet_QPopup.swift in Sources */,
				32688C172A140132007C5A48 /* AchiCard_RoutineComplete.swift in Sources */,
				3280D9112A4943C400F722EA /* MainInfoView.swift in Sources */,
				3272E74C2A4697F300A4776F /* TabController.swift in Sources */,
				3280D9132A4943C400F722EA /* MainInfoView_PersonaSheet.swift in Sources */,
				3280D8FE2A4943AD00F722EA /* RExer_AdExerShe_AddNewExerciseSheet.swift in Sources */,
				8C7C12E829F1BCCF004026E8 /* SettingView_ExportDataView.swift in Sources */,
				3280D91C2A49441600F722EA /* IntroHistoryView_ListRow.swift in Sources */,
				3280D9212A49443500F722EA /* AchiCardRegister.swift in Sources */,
				32074A132A2703DC00974276 /* MainView.swift in Sources */,
				325CA9772A3015F400E24DE8 /* MainSettingView.swift in Sources */,
				32074A152A27042100974276 /* GymBroApp.swift in Sources */,
				3280D9032A4943AD00F722EA /* RoutineSelectionVIew.swift in Sources */,
				32074A152A27042100974276 /* GymBroApp.swift in Sources */,
				32688C1B2A14056C007C5A48 /* AchiCard_GoalAchieve.swift in Sources */,
				3272E7592A4698DF00A4776F /* Extensions.swift in Sources */,
				8C7C12E429F1BC86004026E8 /* SettingView_ReportIssueSheet.swift in Sources */,
				3280D91E2A49441600F722EA /* RDetailView_SetRow.swift in Sources */,
				3280D91F2A49441600F722EA /* RoutineDetailView.swift in Sources */,
				8C7C12E629F1BCB9004026E8 /* SettingView_RateTheAppView.swift in Sources */,
				3280D8E02A493D6500F722EA /* MainView_FiveTab.swift in Sources */,
				3280D9052A4943AD00F722EA /* RExercise_AddExerciseSheet.swift in Sources */,
				3280D9022A4943AD00F722EA /* RoutineExerciseView.swift in Sources */,
				3280D90F2A4943C400F722EA /* PulseProgressBar.swift in Sources */,
				3280D9002A4943AD00F722EA /* NewRoutineView.swift in Sources */,
				32688C1D2A140585007C5A48 /* AchiCard_PRHit.swift in Sources */,
				8C7C12E229F1BC68004026E8 /* SettingView_HelpCenterView.swift in Sources */,
				3280D9042A4943AD00F722EA /* RExercise_SetRow_AddSetSheet.swift in Sources */,
				3280D9102A4943C400F722EA /* MainInfoView_GoalListRow.swift in Sources */,
				3280D9152A4943C400F722EA /* MainInfoView_GoalSheet.swift in Sources */,
				3280D91D2A49441600F722EA /* RDetailView_ESummaryRow.swift in Sources */,
				3280D9232A49449A00F722EA /* MainChartView.swift in Sources */,
				3280D8FF2A4943AD00F722EA /* RoutineSelectionView_AddRoutineSheet.swift in Sources */,
				8C7C12E029F1BC36004026E8 /* SettingView_NotificationSettingView.swift in Sources */,
				3280D9012A4943AD00F722EA /* RExercise_SetRow_UpdateSetSheet.swift in Sources */,
				3280D91B2A49441600F722EA /* IntroHistoryView.swift in Sources */,
				32688C192A140560007C5A48 /* AchiCard_TrainingVolume.swift in Sources */,
			);
			runOnlyForDeploymentPostprocessing = 0;
		};
		8CE71EA729A721D3006EEFE7 /* Sources */ = {
			isa = PBXSourcesBuildPhase;
			buildActionMask = 2147483647;
			files = (
				8CE71EB029A721D3006EEFE7 /* GymBroTests.swift in Sources */,
			);
			runOnlyForDeploymentPostprocessing = 0;
		};
		8CE71EB129A721D3006EEFE7 /* Sources */ = {
			isa = PBXSourcesBuildPhase;
			buildActionMask = 2147483647;
			files = (
				8CE71EBC29A721D3006EEFE7 /* GymBroUITestsLaunchTests.swift in Sources */,
				8CE71EBA29A721D3006EEFE7 /* GymBroUITests.swift in Sources */,
			);
			runOnlyForDeploymentPostprocessing = 0;
		};
/* End PBXSourcesBuildPhase section */

/* Begin PBXTargetDependency section */
		8CE71EAD29A721D3006EEFE7 /* PBXTargetDependency */ = {
			isa = PBXTargetDependency;
			target = 8CE71E9A29A721D2006EEFE7 /* GymBro */;
			targetProxy = 8CE71EAC29A721D3006EEFE7 /* PBXContainerItemProxy */;
		};
		8CE71EB729A721D3006EEFE7 /* PBXTargetDependency */ = {
			isa = PBXTargetDependency;
			target = 8CE71E9A29A721D2006EEFE7 /* GymBro */;
			targetProxy = 8CE71EB629A721D3006EEFE7 /* PBXContainerItemProxy */;
		};
/* End PBXTargetDependency section */

/* Begin XCBuildConfiguration section */
		8CE71EBD29A721D3006EEFE7 /* Debug */ = {
			isa = XCBuildConfiguration;
			buildSettings = {
				ALWAYS_SEARCH_USER_PATHS = NO;
				CLANG_ANALYZER_NONNULL = YES;
				CLANG_ANALYZER_NUMBER_OBJECT_CONVERSION = YES_AGGRESSIVE;
				CLANG_CXX_LANGUAGE_STANDARD = "gnu++20";
				CLANG_ENABLE_MODULES = YES;
				CLANG_ENABLE_OBJC_ARC = YES;
				CLANG_ENABLE_OBJC_WEAK = YES;
				CLANG_WARN_BLOCK_CAPTURE_AUTORELEASING = YES;
				CLANG_WARN_BOOL_CONVERSION = YES;
				CLANG_WARN_COMMA = YES;
				CLANG_WARN_CONSTANT_CONVERSION = YES;
				CLANG_WARN_DEPRECATED_OBJC_IMPLEMENTATIONS = YES;
				CLANG_WARN_DIRECT_OBJC_ISA_USAGE = YES_ERROR;
				CLANG_WARN_DOCUMENTATION_COMMENTS = YES;
				CLANG_WARN_EMPTY_BODY = YES;
				CLANG_WARN_ENUM_CONVERSION = YES;
				CLANG_WARN_INFINITE_RECURSION = YES;
				CLANG_WARN_INT_CONVERSION = YES;
				CLANG_WARN_NON_LITERAL_NULL_CONVERSION = YES;
				CLANG_WARN_OBJC_IMPLICIT_RETAIN_SELF = YES;
				CLANG_WARN_OBJC_LITERAL_CONVERSION = YES;
				CLANG_WARN_OBJC_ROOT_CLASS = YES_ERROR;
				CLANG_WARN_QUOTED_INCLUDE_IN_FRAMEWORK_HEADER = YES;
				CLANG_WARN_RANGE_LOOP_ANALYSIS = YES;
				CLANG_WARN_STRICT_PROTOTYPES = YES;
				CLANG_WARN_SUSPICIOUS_MOVE = YES;
				CLANG_WARN_UNGUARDED_AVAILABILITY = YES_AGGRESSIVE;
				CLANG_WARN_UNREACHABLE_CODE = YES;
				CLANG_WARN__DUPLICATE_METHOD_MATCH = YES;
				COPY_PHASE_STRIP = NO;
				DEBUG_INFORMATION_FORMAT = dwarf;
				ENABLE_STRICT_OBJC_MSGSEND = YES;
				ENABLE_TESTABILITY = YES;
				GCC_C_LANGUAGE_STANDARD = gnu11;
				GCC_DYNAMIC_NO_PIC = NO;
				GCC_NO_COMMON_BLOCKS = YES;
				GCC_OPTIMIZATION_LEVEL = 0;
				GCC_PREPROCESSOR_DEFINITIONS = (
					"DEBUG=1",
					"$(inherited)",
				);
				GCC_WARN_64_TO_32_BIT_CONVERSION = YES;
				GCC_WARN_ABOUT_RETURN_TYPE = YES_ERROR;
				GCC_WARN_UNDECLARED_SELECTOR = YES;
				GCC_WARN_UNINITIALIZED_AUTOS = YES_AGGRESSIVE;
				GCC_WARN_UNUSED_FUNCTION = YES;
				GCC_WARN_UNUSED_VARIABLE = YES;
				IPHONEOS_DEPLOYMENT_TARGET = 16.2;
				MTL_ENABLE_DEBUG_INFO = INCLUDE_SOURCE;
				MTL_FAST_MATH = YES;
				ONLY_ACTIVE_ARCH = YES;
				SDKROOT = iphoneos;
				SWIFT_ACTIVE_COMPILATION_CONDITIONS = DEBUG;
				SWIFT_OPTIMIZATION_LEVEL = "-Onone";
			};
			name = Debug;
		};
		8CE71EBE29A721D3006EEFE7 /* Release */ = {
			isa = XCBuildConfiguration;
			buildSettings = {
				ALWAYS_SEARCH_USER_PATHS = NO;
				CLANG_ANALYZER_NONNULL = YES;
				CLANG_ANALYZER_NUMBER_OBJECT_CONVERSION = YES_AGGRESSIVE;
				CLANG_CXX_LANGUAGE_STANDARD = "gnu++20";
				CLANG_ENABLE_MODULES = YES;
				CLANG_ENABLE_OBJC_ARC = YES;
				CLANG_ENABLE_OBJC_WEAK = YES;
				CLANG_WARN_BLOCK_CAPTURE_AUTORELEASING = YES;
				CLANG_WARN_BOOL_CONVERSION = YES;
				CLANG_WARN_COMMA = YES;
				CLANG_WARN_CONSTANT_CONVERSION = YES;
				CLANG_WARN_DEPRECATED_OBJC_IMPLEMENTATIONS = YES;
				CLANG_WARN_DIRECT_OBJC_ISA_USAGE = YES_ERROR;
				CLANG_WARN_DOCUMENTATION_COMMENTS = YES;
				CLANG_WARN_EMPTY_BODY = YES;
				CLANG_WARN_ENUM_CONVERSION = YES;
				CLANG_WARN_INFINITE_RECURSION = YES;
				CLANG_WARN_INT_CONVERSION = YES;
				CLANG_WARN_NON_LITERAL_NULL_CONVERSION = YES;
				CLANG_WARN_OBJC_IMPLICIT_RETAIN_SELF = YES;
				CLANG_WARN_OBJC_LITERAL_CONVERSION = YES;
				CLANG_WARN_OBJC_ROOT_CLASS = YES_ERROR;
				CLANG_WARN_QUOTED_INCLUDE_IN_FRAMEWORK_HEADER = YES;
				CLANG_WARN_RANGE_LOOP_ANALYSIS = YES;
				CLANG_WARN_STRICT_PROTOTYPES = YES;
				CLANG_WARN_SUSPICIOUS_MOVE = YES;
				CLANG_WARN_UNGUARDED_AVAILABILITY = YES_AGGRESSIVE;
				CLANG_WARN_UNREACHABLE_CODE = YES;
				CLANG_WARN__DUPLICATE_METHOD_MATCH = YES;
				COPY_PHASE_STRIP = NO;
				DEBUG_INFORMATION_FORMAT = "dwarf-with-dsym";
				ENABLE_NS_ASSERTIONS = NO;
				ENABLE_STRICT_OBJC_MSGSEND = YES;
				GCC_C_LANGUAGE_STANDARD = gnu11;
				GCC_NO_COMMON_BLOCKS = YES;
				GCC_WARN_64_TO_32_BIT_CONVERSION = YES;
				GCC_WARN_ABOUT_RETURN_TYPE = YES_ERROR;
				GCC_WARN_UNDECLARED_SELECTOR = YES;
				GCC_WARN_UNINITIALIZED_AUTOS = YES_AGGRESSIVE;
				GCC_WARN_UNUSED_FUNCTION = YES;
				GCC_WARN_UNUSED_VARIABLE = YES;
				IPHONEOS_DEPLOYMENT_TARGET = 16.2;
				MTL_ENABLE_DEBUG_INFO = NO;
				MTL_FAST_MATH = YES;
				SDKROOT = iphoneos;
				SWIFT_COMPILATION_MODE = wholemodule;
				SWIFT_OPTIMIZATION_LEVEL = "-O";
				VALIDATE_PRODUCT = YES;
			};
			name = Release;
		};
		8CE71EC029A721D3006EEFE7 /* Debug */ = {
			isa = XCBuildConfiguration;
			buildSettings = {
				ASSETCATALOG_COMPILER_APPICON_NAME = AppIcon;
				ASSETCATALOG_COMPILER_GLOBAL_ACCENT_COLOR_NAME = AccentColor;
				CODE_SIGN_STYLE = Automatic;
				CURRENT_PROJECT_VERSION = 1;
				DEVELOPMENT_ASSET_PATHS = "\"GymBro/Preview Content\"";
				ENABLE_PREVIEWS = YES;
				GENERATE_INFOPLIST_FILE = YES;
				INFOPLIST_KEY_UIApplicationSceneManifest_Generation = YES;
				INFOPLIST_KEY_UIApplicationSupportsIndirectInputEvents = YES;
				INFOPLIST_KEY_UILaunchScreen_Generation = YES;
				INFOPLIST_KEY_UISupportedInterfaceOrientations_iPad = "UIInterfaceOrientationPortrait UIInterfaceOrientationPortraitUpsideDown UIInterfaceOrientationLandscapeLeft UIInterfaceOrientationLandscapeRight";
				INFOPLIST_KEY_UISupportedInterfaceOrientations_iPhone = "UIInterfaceOrientationPortrait UIInterfaceOrientationLandscapeLeft UIInterfaceOrientationLandscapeRight";
				IPHONEOS_DEPLOYMENT_TARGET = 16.2;
				LD_RUNPATH_SEARCH_PATHS = (
					"$(inherited)",
					"@executable_path/Frameworks",
				);
				MARKETING_VERSION = 1.0;
				PRODUCT_BUNDLE_IDENTIFIER = com.cklexcompany.GymBro;
				PRODUCT_NAME = "$(TARGET_NAME)";
				SWIFT_EMIT_LOC_STRINGS = YES;
				SWIFT_VERSION = 5.0;
				TARGETED_DEVICE_FAMILY = "1,2";
			};
			name = Debug;
		};
		8CE71EC129A721D3006EEFE7 /* Release */ = {
			isa = XCBuildConfiguration;
			buildSettings = {
				ASSETCATALOG_COMPILER_APPICON_NAME = AppIcon;
				ASSETCATALOG_COMPILER_GLOBAL_ACCENT_COLOR_NAME = AccentColor;
				CODE_SIGN_STYLE = Automatic;
				CURRENT_PROJECT_VERSION = 1;
				DEVELOPMENT_ASSET_PATHS = "\"GymBro/Preview Content\"";
				ENABLE_PREVIEWS = YES;
				GENERATE_INFOPLIST_FILE = YES;
				INFOPLIST_KEY_UIApplicationSceneManifest_Generation = YES;
				INFOPLIST_KEY_UIApplicationSupportsIndirectInputEvents = YES;
				INFOPLIST_KEY_UILaunchScreen_Generation = YES;
				INFOPLIST_KEY_UISupportedInterfaceOrientations_iPad = "UIInterfaceOrientationPortrait UIInterfaceOrientationPortraitUpsideDown UIInterfaceOrientationLandscapeLeft UIInterfaceOrientationLandscapeRight";
				INFOPLIST_KEY_UISupportedInterfaceOrientations_iPhone = "UIInterfaceOrientationPortrait UIInterfaceOrientationLandscapeLeft UIInterfaceOrientationLandscapeRight";
				IPHONEOS_DEPLOYMENT_TARGET = 16.2;
				LD_RUNPATH_SEARCH_PATHS = (
					"$(inherited)",
					"@executable_path/Frameworks",
				);
				MARKETING_VERSION = 1.0;
				PRODUCT_BUNDLE_IDENTIFIER = com.cklexcompany.GymBro;
				PRODUCT_NAME = "$(TARGET_NAME)";
				SWIFT_EMIT_LOC_STRINGS = YES;
				SWIFT_VERSION = 5.0;
				TARGETED_DEVICE_FAMILY = "1,2";
			};
			name = Release;
		};
		8CE71EC329A721D3006EEFE7 /* Debug */ = {
			isa = XCBuildConfiguration;
			buildSettings = {
				ALWAYS_EMBED_SWIFT_STANDARD_LIBRARIES = YES;
				BUNDLE_LOADER = "$(TEST_HOST)";
				CODE_SIGN_STYLE = Automatic;
				CURRENT_PROJECT_VERSION = 1;
				GENERATE_INFOPLIST_FILE = YES;
				IPHONEOS_DEPLOYMENT_TARGET = 16.2;
				MARKETING_VERSION = 1.0;
				PRODUCT_BUNDLE_IDENTIFIER = com.cklexcompany.GymBroTests;
				PRODUCT_NAME = "$(TARGET_NAME)";
				SWIFT_EMIT_LOC_STRINGS = NO;
				SWIFT_VERSION = 5.0;
				TARGETED_DEVICE_FAMILY = "1,2";
				TEST_HOST = "$(BUILT_PRODUCTS_DIR)/GymBro.app/$(BUNDLE_EXECUTABLE_FOLDER_PATH)/GymBro";
			};
			name = Debug;
		};
		8CE71EC429A721D3006EEFE7 /* Release */ = {
			isa = XCBuildConfiguration;
			buildSettings = {
				ALWAYS_EMBED_SWIFT_STANDARD_LIBRARIES = YES;
				BUNDLE_LOADER = "$(TEST_HOST)";
				CODE_SIGN_STYLE = Automatic;
				CURRENT_PROJECT_VERSION = 1;
				GENERATE_INFOPLIST_FILE = YES;
				IPHONEOS_DEPLOYMENT_TARGET = 16.2;
				MARKETING_VERSION = 1.0;
				PRODUCT_BUNDLE_IDENTIFIER = com.cklexcompany.GymBroTests;
				PRODUCT_NAME = "$(TARGET_NAME)";
				SWIFT_EMIT_LOC_STRINGS = NO;
				SWIFT_VERSION = 5.0;
				TARGETED_DEVICE_FAMILY = "1,2";
				TEST_HOST = "$(BUILT_PRODUCTS_DIR)/GymBro.app/$(BUNDLE_EXECUTABLE_FOLDER_PATH)/GymBro";
			};
			name = Release;
		};
		8CE71EC629A721D3006EEFE7 /* Debug */ = {
			isa = XCBuildConfiguration;
			buildSettings = {
				ALWAYS_EMBED_SWIFT_STANDARD_LIBRARIES = YES;
				CODE_SIGN_STYLE = Automatic;
				CURRENT_PROJECT_VERSION = 1;
				GENERATE_INFOPLIST_FILE = YES;
				MARKETING_VERSION = 1.0;
				PRODUCT_BUNDLE_IDENTIFIER = com.cklexcompany.GymBroUITests;
				PRODUCT_NAME = "$(TARGET_NAME)";
				SWIFT_EMIT_LOC_STRINGS = NO;
				SWIFT_VERSION = 5.0;
				TARGETED_DEVICE_FAMILY = "1,2";
				TEST_TARGET_NAME = GymBro;
			};
			name = Debug;
		};
		8CE71EC729A721D3006EEFE7 /* Release */ = {
			isa = XCBuildConfiguration;
			buildSettings = {
				ALWAYS_EMBED_SWIFT_STANDARD_LIBRARIES = YES;
				CODE_SIGN_STYLE = Automatic;
				CURRENT_PROJECT_VERSION = 1;
				GENERATE_INFOPLIST_FILE = YES;
				MARKETING_VERSION = 1.0;
				PRODUCT_BUNDLE_IDENTIFIER = com.cklexcompany.GymBroUITests;
				PRODUCT_NAME = "$(TARGET_NAME)";
				SWIFT_EMIT_LOC_STRINGS = NO;
				SWIFT_VERSION = 5.0;
				TARGETED_DEVICE_FAMILY = "1,2";
				TEST_TARGET_NAME = GymBro;
			};
			name = Release;
		};
/* End XCBuildConfiguration section */

/* Begin XCConfigurationList section */
		8CE71E9629A721D2006EEFE7 /* Build configuration list for PBXProject "GymBro" */ = {
			isa = XCConfigurationList;
			buildConfigurations = (
				8CE71EBD29A721D3006EEFE7 /* Debug */,
				8CE71EBE29A721D3006EEFE7 /* Release */,
			);
			defaultConfigurationIsVisible = 0;
			defaultConfigurationName = Release;
		};
		8CE71EBF29A721D3006EEFE7 /* Build configuration list for PBXNativeTarget "GymBro" */ = {
			isa = XCConfigurationList;
			buildConfigurations = (
				8CE71EC029A721D3006EEFE7 /* Debug */,
				8CE71EC129A721D3006EEFE7 /* Release */,
			);
			defaultConfigurationIsVisible = 0;
			defaultConfigurationName = Release;
		};
		8CE71EC229A721D3006EEFE7 /* Build configuration list for PBXNativeTarget "GymBroTests" */ = {
			isa = XCConfigurationList;
			buildConfigurations = (
				8CE71EC329A721D3006EEFE7 /* Debug */,
				8CE71EC429A721D3006EEFE7 /* Release */,
			);
			defaultConfigurationIsVisible = 0;
			defaultConfigurationName = Release;
		};
		8CE71EC529A721D3006EEFE7 /* Build configuration list for PBXNativeTarget "GymBroUITests" */ = {
			isa = XCConfigurationList;
			buildConfigurations = (
				8CE71EC629A721D3006EEFE7 /* Debug */,
				8CE71EC729A721D3006EEFE7 /* Release */,
			);
			defaultConfigurationIsVisible = 0;
			defaultConfigurationName = Release;
		};
/* End XCConfigurationList section */
	};
	rootObject = 8CE71E9329A721D2006EEFE7 /* Project object */;
}
