// !$*UTF8*$!
{
	archiveVersion = 1;
	classes = {
	};
	objectVersion = 56;
	objects = {

/* Begin PBXBuildFile section */
		32064E2E2A0C85B9003BACDF /* NewRoutineView.swift in Sources */ = {isa = PBXBuildFile; fileRef = 32064E2D2A0C85B9003BACDF /* NewRoutineView.swift */; };
		320E928F2A0030020074B9E1 /* MainView_FiveTab.swift in Sources */ = {isa = PBXBuildFile; fileRef = 320E928E2A0030020074B9E1 /* MainView_FiveTab.swift */; };
		321AB7832A037A0A00F77440 /* MainInfoView_GoalSheet.swift in Sources */ = {isa = PBXBuildFile; fileRef = 321AB7822A037A0A00F77440 /* MainInfoView_GoalSheet.swift */; };
		321DDBD92A0210BB0067A96E /* IntroHistoryView.swift in Sources */ = {isa = PBXBuildFile; fileRef = 321DDBD82A0210BB0067A96E /* IntroHistoryView.swift */; };
		32561DAF2A01E2C0008B6196 /* MainInfoView_PersonaSheet.swift in Sources */ = {isa = PBXBuildFile; fileRef = 32561DAE2A01E2C0008B6196 /* MainInfoView_PersonaSheet.swift */; };
		326EAF182A0A0F8B006791EC /* RDetailView_SetRow.swift in Sources */ = {isa = PBXBuildFile; fileRef = 326EAF172A0A0F8B006791EC /* RDetailView_SetRow.swift */; };
		3295FD8B2A03765E00422E71 /* DismissButtonView.swift in Sources */ = {isa = PBXBuildFile; fileRef = 3295FD8A2A03765E00422E71 /* DismissButtonView.swift */; };
		32C6F6522A0B4324008D7AD1 /* PulseProgressBar.swift in Sources */ = {isa = PBXBuildFile; fileRef = 32C6F6512A0B4324008D7AD1 /* PulseProgressBar.swift */; };
		32C6F6542A0B44AF008D7AD1 /* MainInfoView_GoalListRow.swift in Sources */ = {isa = PBXBuildFile; fileRef = 32C6F6532A0B44AF008D7AD1 /* MainInfoView_GoalListRow.swift */; };
		32E0555D2A2BECCA0084D42E /* RExercise_SetRow_UpdateSetSheet.swift in Sources */ = {isa = PBXBuildFile; fileRef = 32E0555C2A2BECCA0084D42E /* RExercise_SetRow_UpdateSetSheet.swift */; };
		32F188A12A259A5C00546070 /* MainChartView.swift in Sources */ = {isa = PBXBuildFile; fileRef = 32F188A02A259A5C00546070 /* MainChartView.swift */; };
		32F188A42A259A6A00546070 /* TabController.swift in Sources */ = {isa = PBXBuildFile; fileRef = 32F188A22A259A6A00546070 /* TabController.swift */; };
		32F188A52A259A6A00546070 /* NavigationStackController.swift in Sources */ = {isa = PBXBuildFile; fileRef = 32F188A32A259A6A00546070 /* NavigationStackController.swift */; };
		32F188A92A259C9A00546070 /* RExercise_AddExerciseSheet.swift in Sources */ = {isa = PBXBuildFile; fileRef = 32F188A82A259C9A00546070 /* RExercise_AddExerciseSheet.swift */; };
		32F1A5AC2A11CBFA00671CB9 /* RoutineDetailView.swift in Sources */ = {isa = PBXBuildFile; fileRef = 32F1A5AA2A11CBFA00671CB9 /* RoutineDetailView.swift */; };
		32F1A5AD2A11CBFA00671CB9 /* RDetailView_ESummaryRow.swift in Sources */ = {isa = PBXBuildFile; fileRef = 32F1A5AB2A11CBFA00671CB9 /* RDetailView_ESummaryRow.swift */; };
		481058A229FB25CC005B4E56 /* RExercise_SetRow_AddSetSheet.swift in Sources */ = {isa = PBXBuildFile; fileRef = 481058A129FB25CC005B4E56 /* RExercise_SetRow_AddSetSheet.swift */; };
		485935BF29E706CC009ECB2E /* RExer_AdExerShe_AddNewExerciseSheet.swift in Sources */ = {isa = PBXBuildFile; fileRef = 485935BE29E706CC009ECB2E /* RExer_AdExerShe_AddNewExerciseSheet.swift */; };
		8C1D7DD129E0C50E009C18B3 /* MainSettingView.swift in Sources */ = {isa = PBXBuildFile; fileRef = 8C1D7DD029E0C50E009C18B3 /* MainSettingView.swift */; };
		8C640B1929E360F90021EFBB /* MainInfoView.swift in Sources */ = {isa = PBXBuildFile; fileRef = 8C640B1829E360F90021EFBB /* MainInfoView.swift */; };
		8C8F367F29DBA0DF00ED087B /* MainView.swift in Sources */ = {isa = PBXBuildFile; fileRef = 8C8F367E29DBA0DF00ED087B /* MainView.swift */; };
		8C8F368A29DBA20E00ED087B /* RoutineSelectionVIew.swift in Sources */ = {isa = PBXBuildFile; fileRef = 8C8F368929DBA20E00ED087B /* RoutineSelectionVIew.swift */; };
		8C8F369029DBA24300ED087B /* RoutineExerciseView.swift in Sources */ = {isa = PBXBuildFile; fileRef = 8C8F368F29DBA24300ED087B /* RoutineExerciseView.swift */; };
		8CCF96F429F0A90700F86A28 /* IntroHistoryView_ListRow.swift in Sources */ = {isa = PBXBuildFile; fileRef = 8CCF96F329F0A90700F86A28 /* IntroHistoryView_ListRow.swift */; };
		8CE71E9F29A721D2006EEFE7 /* GymBroApp.swift in Sources */ = {isa = PBXBuildFile; fileRef = 8CE71E9E29A721D2006EEFE7 /* GymBroApp.swift */; };
		8CE71EA329A721D3006EEFE7 /* Assets.xcassets in Resources */ = {isa = PBXBuildFile; fileRef = 8CE71EA229A721D3006EEFE7 /* Assets.xcassets */; };
		8CE71EA629A721D3006EEFE7 /* Preview Assets.xcassets in Resources */ = {isa = PBXBuildFile; fileRef = 8CE71EA529A721D3006EEFE7 /* Preview Assets.xcassets */; };
		8CE71EB029A721D3006EEFE7 /* GymBroTests.swift in Sources */ = {isa = PBXBuildFile; fileRef = 8CE71EAF29A721D3006EEFE7 /* GymBroTests.swift */; };
		8CE71EBA29A721D3006EEFE7 /* GymBroUITests.swift in Sources */ = {isa = PBXBuildFile; fileRef = 8CE71EB929A721D3006EEFE7 /* GymBroUITests.swift */; };
		8CE71EBC29A721D3006EEFE7 /* GymBroUITestsLaunchTests.swift in Sources */ = {isa = PBXBuildFile; fileRef = 8CE71EBB29A721D3006EEFE7 /* GymBroUITestsLaunchTests.swift */; };
		8CEB5B1629E72A8F00738F67 /* RoutineSelectionView_AddRoutineSheet.swift in Sources */ = {isa = PBXBuildFile; fileRef = 8CEB5B1529E72A8F00738F67 /* RoutineSelectionView_AddRoutineSheet.swift */; };
/* End PBXBuildFile section */

/* Begin PBXContainerItemProxy section */
		8CE71EAC29A721D3006EEFE7 /* PBXContainerItemProxy */ = {
			isa = PBXContainerItemProxy;
			containerPortal = 8CE71E9329A721D2006EEFE7 /* Project object */;
			proxyType = 1;
			remoteGlobalIDString = 8CE71E9A29A721D2006EEFE7;
			remoteInfo = GymBro;
		};
		8CE71EB629A721D3006EEFE7 /* PBXContainerItemProxy */ = {
			isa = PBXContainerItemProxy;
			containerPortal = 8CE71E9329A721D2006EEFE7 /* Project object */;
			proxyType = 1;
			remoteGlobalIDString = 8CE71E9A29A721D2006EEFE7;
			remoteInfo = GymBro;
		};
/* End PBXContainerItemProxy section */

/* Begin PBXFileReference section */
		32064E2D2A0C85B9003BACDF /* NewRoutineView.swift */ = {isa = PBXFileReference; fileEncoding = 4; lastKnownFileType = sourcecode.swift; path = NewRoutineView.swift; sourceTree = "<group>"; };
		320E928E2A0030020074B9E1 /* MainView_FiveTab.swift */ = {isa = PBXFileReference; lastKnownFileType = sourcecode.swift; path = MainView_FiveTab.swift; sourceTree = "<group>"; };
		321AB7822A037A0A00F77440 /* MainInfoView_GoalSheet.swift */ = {isa = PBXFileReference; fileEncoding = 4; lastKnownFileType = sourcecode.swift; path = MainInfoView_GoalSheet.swift; sourceTree = "<group>"; };
		321DDBD82A0210BB0067A96E /* IntroHistoryView.swift */ = {isa = PBXFileReference; fileEncoding = 4; lastKnownFileType = sourcecode.swift; path = IntroHistoryView.swift; sourceTree = "<group>"; };
		32561DAE2A01E2C0008B6196 /* MainInfoView_PersonaSheet.swift */ = {isa = PBXFileReference; lastKnownFileType = sourcecode.swift; path = MainInfoView_PersonaSheet.swift; sourceTree = "<group>"; };
		326EAF172A0A0F8B006791EC /* RDetailView_SetRow.swift */ = {isa = PBXFileReference; fileEncoding = 4; lastKnownFileType = sourcecode.swift; path = RDetailView_SetRow.swift; sourceTree = "<group>"; };
		3295FD8A2A03765E00422E71 /* DismissButtonView.swift */ = {isa = PBXFileReference; lastKnownFileType = sourcecode.swift; path = DismissButtonView.swift; sourceTree = "<group>"; };
		32C6F6512A0B4324008D7AD1 /* PulseProgressBar.swift */ = {isa = PBXFileReference; lastKnownFileType = sourcecode.swift; path = PulseProgressBar.swift; sourceTree = "<group>"; };
		32C6F6532A0B44AF008D7AD1 /* MainInfoView_GoalListRow.swift */ = {isa = PBXFileReference; lastKnownFileType = sourcecode.swift; path = MainInfoView_GoalListRow.swift; sourceTree = "<group>"; };
		32E0555C2A2BECCA0084D42E /* RExercise_SetRow_UpdateSetSheet.swift */ = {isa = PBXFileReference; lastKnownFileType = sourcecode.swift; path = RExercise_SetRow_UpdateSetSheet.swift; sourceTree = "<group>"; };
		32F188A02A259A5C00546070 /* MainChartView.swift */ = {isa = PBXFileReference; fileEncoding = 4; lastKnownFileType = sourcecode.swift; path = MainChartView.swift; sourceTree = "<group>"; };
		32F188A22A259A6A00546070 /* TabController.swift */ = {isa = PBXFileReference; fileEncoding = 4; lastKnownFileType = sourcecode.swift; path = TabController.swift; sourceTree = "<group>"; };
		32F188A32A259A6A00546070 /* NavigationStackController.swift */ = {isa = PBXFileReference; fileEncoding = 4; lastKnownFileType = sourcecode.swift; path = NavigationStackController.swift; sourceTree = "<group>"; };
		32F188A82A259C9A00546070 /* RExercise_AddExerciseSheet.swift */ = {isa = PBXFileReference; fileEncoding = 4; lastKnownFileType = sourcecode.swift; path = RExercise_AddExerciseSheet.swift; sourceTree = "<group>"; };
		32F1A5AA2A11CBFA00671CB9 /* RoutineDetailView.swift */ = {isa = PBXFileReference; fileEncoding = 4; lastKnownFileType = sourcecode.swift; path = RoutineDetailView.swift; sourceTree = "<group>"; };
		32F1A5AB2A11CBFA00671CB9 /* RDetailView_ESummaryRow.swift */ = {isa = PBXFileReference; fileEncoding = 4; lastKnownFileType = sourcecode.swift; path = RDetailView_ESummaryRow.swift; sourceTree = "<group>"; };
		481058A129FB25CC005B4E56 /* RExercise_SetRow_AddSetSheet.swift */ = {isa = PBXFileReference; lastKnownFileType = sourcecode.swift; path = RExercise_SetRow_AddSetSheet.swift; sourceTree = "<group>"; };
		485935BE29E706CC009ECB2E /* RExer_AdExerShe_AddNewExerciseSheet.swift */ = {isa = PBXFileReference; lastKnownFileType = sourcecode.swift; path = RExer_AdExerShe_AddNewExerciseSheet.swift; sourceTree = "<group>"; };
		8C1D7DD029E0C50E009C18B3 /* MainSettingView.swift */ = {isa = PBXFileReference; lastKnownFileType = sourcecode.swift; name = MainSettingView.swift; path = GymBro/Views/SettingViews/MainSettingView.swift; sourceTree = SOURCE_ROOT; };
		8C640B1829E360F90021EFBB /* MainInfoView.swift */ = {isa = PBXFileReference; lastKnownFileType = sourcecode.swift; path = MainInfoView.swift; sourceTree = "<group>"; };
		8C8F367E29DBA0DF00ED087B /* MainView.swift */ = {isa = PBXFileReference; lastKnownFileType = sourcecode.swift; path = MainView.swift; sourceTree = "<group>"; };
		8C8F368929DBA20E00ED087B /* RoutineSelectionVIew.swift */ = {isa = PBXFileReference; lastKnownFileType = sourcecode.swift; path = RoutineSelectionVIew.swift; sourceTree = "<group>"; };
		8C8F368F29DBA24300ED087B /* RoutineExerciseView.swift */ = {isa = PBXFileReference; lastKnownFileType = sourcecode.swift; path = RoutineExerciseView.swift; sourceTree = "<group>"; };
		8CCF96F329F0A90700F86A28 /* IntroHistoryView_ListRow.swift */ = {isa = PBXFileReference; lastKnownFileType = sourcecode.swift; path = IntroHistoryView_ListRow.swift; sourceTree = "<group>"; };
		8CE71E9B29A721D2006EEFE7 /* GymBro.app */ = {isa = PBXFileReference; explicitFileType = wrapper.application; includeInIndex = 0; path = GymBro.app; sourceTree = BUILT_PRODUCTS_DIR; };
		8CE71E9E29A721D2006EEFE7 /* GymBroApp.swift */ = {isa = PBXFileReference; lastKnownFileType = sourcecode.swift; path = GymBroApp.swift; sourceTree = "<group>"; };
		8CE71EA229A721D3006EEFE7 /* Assets.xcassets */ = {isa = PBXFileReference; lastKnownFileType = folder.assetcatalog; path = Assets.xcassets; sourceTree = "<group>"; };
		8CE71EA529A721D3006EEFE7 /* Preview Assets.xcassets */ = {isa = PBXFileReference; lastKnownFileType = folder.assetcatalog; path = "Preview Assets.xcassets"; sourceTree = "<group>"; };
		8CE71EAB29A721D3006EEFE7 /* GymBroTests.xctest */ = {isa = PBXFileReference; explicitFileType = wrapper.cfbundle; includeInIndex = 0; path = GymBroTests.xctest; sourceTree = BUILT_PRODUCTS_DIR; };
		8CE71EAF29A721D3006EEFE7 /* GymBroTests.swift */ = {isa = PBXFileReference; lastKnownFileType = sourcecode.swift; path = GymBroTests.swift; sourceTree = "<group>"; };
		8CE71EB529A721D3006EEFE7 /* GymBroUITests.xctest */ = {isa = PBXFileReference; explicitFileType = wrapper.cfbundle; includeInIndex = 0; path = GymBroUITests.xctest; sourceTree = BUILT_PRODUCTS_DIR; };
		8CE71EB929A721D3006EEFE7 /* GymBroUITests.swift */ = {isa = PBXFileReference; lastKnownFileType = sourcecode.swift; path = GymBroUITests.swift; sourceTree = "<group>"; };
		8CE71EBB29A721D3006EEFE7 /* GymBroUITestsLaunchTests.swift */ = {isa = PBXFileReference; lastKnownFileType = sourcecode.swift; path = GymBroUITestsLaunchTests.swift; sourceTree = "<group>"; };
		8CEB5B1529E72A8F00738F67 /* RoutineSelectionView_AddRoutineSheet.swift */ = {isa = PBXFileReference; lastKnownFileType = sourcecode.swift; path = RoutineSelectionView_AddRoutineSheet.swift; sourceTree = "<group>"; };
/* End PBXFileReference section */

/* Begin PBXFrameworksBuildPhase section */
		8CE71E9829A721D2006EEFE7 /* Frameworks */ = {
			isa = PBXFrameworksBuildPhase;
			buildActionMask = 2147483647;
			files = (
			);
			runOnlyForDeploymentPostprocessing = 0;
		};
		8CE71EA829A721D3006EEFE7 /* Frameworks */ = {
			isa = PBXFrameworksBuildPhase;
			buildActionMask = 2147483647;
			files = (
			);
			runOnlyForDeploymentPostprocessing = 0;
		};
		8CE71EB229A721D3006EEFE7 /* Frameworks */ = {
			isa = PBXFrameworksBuildPhase;
			buildActionMask = 2147483647;
			files = (
			);
			runOnlyForDeploymentPostprocessing = 0;
		};
/* End PBXFrameworksBuildPhase section */

/* Begin PBXGroup section */
		321DDBD52A0210220067A96E /* Recovered References */ = {
			isa = PBXGroup;
			children = (
			);
			name = "Recovered References";
			sourceTree = "<group>";
		};
		8C1D7DD529E0C537009C18B3 /* InfoViews */ = {
			isa = PBXGroup;
			children = (
				8C640B1829E360F90021EFBB /* MainInfoView.swift */,
				32C6F6512A0B4324008D7AD1 /* PulseProgressBar.swift */,
				32C6F6532A0B44AF008D7AD1 /* MainInfoView_GoalListRow.swift */,
				321AB7822A037A0A00F77440 /* MainInfoView_GoalSheet.swift */,
				32561DAE2A01E2C0008B6196 /* MainInfoView_PersonaSheet.swift */,
				3295FD8A2A03765E00422E71 /* DismissButtonView.swift */,
			);
			path = InfoViews;
			sourceTree = "<group>";
		};
		8C8F367629DBA04400ED087B /* Views */ = {
			isa = PBXGroup;
			children = (
				8C8F367E29DBA0DF00ED087B /* MainView.swift */,
				320E928E2A0030020074B9E1 /* MainView_FiveTab.swift */,
				8C8F368229DBA16E00ED087B /* RoutineViews */,
				8C8F368629DBA1CA00ED087B /* ChartViews */,
				8C8F368429DBA18E00ED087B /* SettingViews */,
				8C1D7DD529E0C537009C18B3 /* InfoViews */,
				8C8F368129DBA14E00ED087B /* HistoryViews */,
			);
			path = Views;
			sourceTree = "<group>";
		};
		8C8F367729DBA04E00ED087B /* Models */ = {
			isa = PBXGroup;
			children = (
			);
			path = Models;
			sourceTree = "<group>";
		};
		8C8F367929DBA06D00ED087B /* ViewModels */ = {
			isa = PBXGroup;
			children = (
				32F188A32A259A6A00546070 /* NavigationStackController.swift */,
				32F188A22A259A6A00546070 /* TabController.swift */,
			);
			path = ViewModels;
			sourceTree = "<group>";
		};
		8C8F368129DBA14E00ED087B /* HistoryViews */ = {
			isa = PBXGroup;
			children = (
				8CCF96F329F0A90700F86A28 /* IntroHistoryView_ListRow.swift */,
				32F1A5AB2A11CBFA00671CB9 /* RDetailView_ESummaryRow.swift */,
				32F1A5AA2A11CBFA00671CB9 /* RoutineDetailView.swift */,
				326EAF172A0A0F8B006791EC /* RDetailView_SetRow.swift */,
				321DDBD82A0210BB0067A96E /* IntroHistoryView.swift */,
			);
			path = HistoryViews;
			sourceTree = "<group>";
		};
		8C8F368229DBA16E00ED087B /* RoutineViews */ = {
			isa = PBXGroup;
			children = (
				32064E2D2A0C85B9003BACDF /* NewRoutineView.swift */,
				8C8F368929DBA20E00ED087B /* RoutineSelectionVIew.swift */,
				8CEB5B1529E72A8F00738F67 /* RoutineSelectionView_AddRoutineSheet.swift */,
				8C8F368F29DBA24300ED087B /* RoutineExerciseView.swift */,
				32F188A82A259C9A00546070 /* RExercise_AddExerciseSheet.swift */,
				485935BE29E706CC009ECB2E /* RExer_AdExerShe_AddNewExerciseSheet.swift */,
				32E0555C2A2BECCA0084D42E /* RExercise_SetRow_UpdateSetSheet.swift */,
				481058A129FB25CC005B4E56 /* RExercise_SetRow_AddSetSheet.swift */,
			);
			path = RoutineViews;
			sourceTree = "<group>";
		};
		8C8F368429DBA18E00ED087B /* SettingViews */ = {
			isa = PBXGroup;
			children = (
				8C1D7DD029E0C50E009C18B3 /* MainSettingView.swift */,
			);
			path = SettingViews;
			sourceTree = "<group>";
		};
		8C8F368629DBA1CA00ED087B /* ChartViews */ = {
			isa = PBXGroup;
			children = (
				32F188A02A259A5C00546070 /* MainChartView.swift */,
			);
			path = ChartViews;
			sourceTree = "<group>";
		};
		8CE71E9229A721D2006EEFE7 = {
			isa = PBXGroup;
			children = (
				8CE71E9D29A721D2006EEFE7 /* GymBro */,
				8CE71EAE29A721D3006EEFE7 /* GymBroTests */,
				8CE71EB829A721D3006EEFE7 /* GymBroUITests */,
				8CE71E9C29A721D2006EEFE7 /* Products */,
				321DDBD52A0210220067A96E /* Recovered References */,
			);
			sourceTree = "<group>";
		};
		8CE71E9C29A721D2006EEFE7 /* Products */ = {
			isa = PBXGroup;
			children = (
				8CE71E9B29A721D2006EEFE7 /* GymBro.app */,
				8CE71EAB29A721D3006EEFE7 /* GymBroTests.xctest */,
				8CE71EB529A721D3006EEFE7 /* GymBroUITests.xctest */,
			);
			name = Products;
			sourceTree = "<group>";
		};
		8CE71E9D29A721D2006EEFE7 /* GymBro */ = {
			isa = PBXGroup;
			children = (
				8CE71E9E29A721D2006EEFE7 /* GymBroApp.swift */,
				8C8F367929DBA06D00ED087B /* ViewModels */,
				8C8F367729DBA04E00ED087B /* Models */,
				8C8F367629DBA04400ED087B /* Views */,
				8CE71EA229A721D3006EEFE7 /* Assets.xcassets */,
				8CE71EA429A721D3006EEFE7 /* Preview Content */,
			);
			path = GymBro;
			sourceTree = "<group>";
		};
		8CE71EA429A721D3006EEFE7 /* Preview Content */ = {
			isa = PBXGroup;
			children = (
				8CE71EA529A721D3006EEFE7 /* Preview Assets.xcassets */,
			);
			path = "Preview Content";
			sourceTree = "<group>";
		};
		8CE71EAE29A721D3006EEFE7 /* GymBroTests */ = {
			isa = PBXGroup;
			children = (
				8CE71EAF29A721D3006EEFE7 /* GymBroTests.swift */,
			);
			path = GymBroTests;
			sourceTree = "<group>";
		};
		8CE71EB829A721D3006EEFE7 /* GymBroUITests */ = {
			isa = PBXGroup;
			children = (
				8CE71EB929A721D3006EEFE7 /* GymBroUITests.swift */,
				8CE71EBB29A721D3006EEFE7 /* GymBroUITestsLaunchTests.swift */,
			);
			path = GymBroUITests;
			sourceTree = "<group>";
		};
/* End PBXGroup section */

/* Begin PBXNativeTarget section */
		8CE71E9A29A721D2006EEFE7 /* GymBro */ = {
			isa = PBXNativeTarget;
			buildConfigurationList = 8CE71EBF29A721D3006EEFE7 /* Build configuration list for PBXNativeTarget "GymBro" */;
			buildPhases = (
				8CE71E9729A721D2006EEFE7 /* Sources */,
				8CE71E9829A721D2006EEFE7 /* Frameworks */,
				8CE71E9929A721D2006EEFE7 /* Resources */,
			);
			buildRules = (
			);
			dependencies = (
			);
			name = GymBro;
			productName = GymBro;
			productReference = 8CE71E9B29A721D2006EEFE7 /* GymBro.app */;
			productType = "com.apple.product-type.application";
		};
		8CE71EAA29A721D3006EEFE7 /* GymBroTests */ = {
			isa = PBXNativeTarget;
			buildConfigurationList = 8CE71EC229A721D3006EEFE7 /* Build configuration list for PBXNativeTarget "GymBroTests" */;
			buildPhases = (
				8CE71EA729A721D3006EEFE7 /* Sources */,
				8CE71EA829A721D3006EEFE7 /* Frameworks */,
				8CE71EA929A721D3006EEFE7 /* Resources */,
			);
			buildRules = (
			);
			dependencies = (
				8CE71EAD29A721D3006EEFE7 /* PBXTargetDependency */,
			);
			name = GymBroTests;
			productName = GymBroTests;
			productReference = 8CE71EAB29A721D3006EEFE7 /* GymBroTests.xctest */;
			productType = "com.apple.product-type.bundle.unit-test";
		};
		8CE71EB429A721D3006EEFE7 /* GymBroUITests */ = {
			isa = PBXNativeTarget;
			buildConfigurationList = 8CE71EC529A721D3006EEFE7 /* Build configuration list for PBXNativeTarget "GymBroUITests" */;
			buildPhases = (
				8CE71EB129A721D3006EEFE7 /* Sources */,
				8CE71EB229A721D3006EEFE7 /* Frameworks */,
				8CE71EB329A721D3006EEFE7 /* Resources */,
			);
			buildRules = (
			);
			dependencies = (
				8CE71EB729A721D3006EEFE7 /* PBXTargetDependency */,
			);
			name = GymBroUITests;
			productName = GymBroUITests;
			productReference = 8CE71EB529A721D3006EEFE7 /* GymBroUITests.xctest */;
			productType = "com.apple.product-type.bundle.ui-testing";
		};
/* End PBXNativeTarget section */

/* Begin PBXProject section */
		8CE71E9329A721D2006EEFE7 /* Project object */ = {
			isa = PBXProject;
			attributes = {
				BuildIndependentTargetsInParallel = 1;
				LastSwiftUpdateCheck = 1420;
				LastUpgradeCheck = 1420;
				TargetAttributes = {
					8CE71E9A29A721D2006EEFE7 = {
						CreatedOnToolsVersion = 14.2;
					};
					8CE71EAA29A721D3006EEFE7 = {
						CreatedOnToolsVersion = 14.2;
						TestTargetID = 8CE71E9A29A721D2006EEFE7;
					};
					8CE71EB429A721D3006EEFE7 = {
						CreatedOnToolsVersion = 14.2;
						TestTargetID = 8CE71E9A29A721D2006EEFE7;
					};
				};
			};
			buildConfigurationList = 8CE71E9629A721D2006EEFE7 /* Build configuration list for PBXProject "GymBro" */;
			compatibilityVersion = "Xcode 14.0";
			developmentRegion = en;
			hasScannedForEncodings = 0;
			knownRegions = (
				en,
				Base,
			);
			mainGroup = 8CE71E9229A721D2006EEFE7;
			productRefGroup = 8CE71E9C29A721D2006EEFE7 /* Products */;
			projectDirPath = "";
			projectRoot = "";
			targets = (
				8CE71E9A29A721D2006EEFE7 /* GymBro */,
				8CE71EAA29A721D3006EEFE7 /* GymBroTests */,
				8CE71EB429A721D3006EEFE7 /* GymBroUITests */,
			);
		};
/* End PBXProject section */

/* Begin PBXResourcesBuildPhase section */
		8CE71E9929A721D2006EEFE7 /* Resources */ = {
			isa = PBXResourcesBuildPhase;
			buildActionMask = 2147483647;
			files = (
				8CE71EA629A721D3006EEFE7 /* Preview Assets.xcassets in Resources */,
				8CE71EA329A721D3006EEFE7 /* Assets.xcassets in Resources */,
			);
			runOnlyForDeploymentPostprocessing = 0;
		};
		8CE71EA929A721D3006EEFE7 /* Resources */ = {
			isa = PBXResourcesBuildPhase;
			buildActionMask = 2147483647;
			files = (
			);
			runOnlyForDeploymentPostprocessing = 0;
		};
		8CE71EB329A721D3006EEFE7 /* Resources */ = {
			isa = PBXResourcesBuildPhase;
			buildActionMask = 2147483647;
			files = (
			);
			runOnlyForDeploymentPostprocessing = 0;
		};
/* End PBXResourcesBuildPhase section */

/* Begin PBXSourcesBuildPhase section */
		8CE71E9729A721D2006EEFE7 /* Sources */ = {
			isa = PBXSourcesBuildPhase;
			buildActionMask = 2147483647;
			files = (
				326EAF182A0A0F8B006791EC /* RDetailView_SetRow.swift in Sources */,
				320E928F2A0030020074B9E1 /* MainView_FiveTab.swift in Sources */,
				32C6F6522A0B4324008D7AD1 /* PulseProgressBar.swift in Sources */,
				8C8F368A29DBA20E00ED087B /* RoutineSelectionVIew.swift in Sources */,
				32F188A52A259A6A00546070 /* NavigationStackController.swift in Sources */,
				481058A229FB25CC005B4E56 /* RExercise_SetRow_AddSetSheet.swift in Sources */,
				32064E2E2A0C85B9003BACDF /* NewRoutineView.swift in Sources */,
				32E0555D2A2BECCA0084D42E /* RExercise_SetRow_UpdateSetSheet.swift in Sources */,
				32F1A5AD2A11CBFA00671CB9 /* RDetailView_ESummaryRow.swift in Sources */,
				32F188A92A259C9A00546070 /* RExercise_AddExerciseSheet.swift in Sources */,
				3295FD8B2A03765E00422E71 /* DismissButtonView.swift in Sources */,
				32561DAF2A01E2C0008B6196 /* MainInfoView_PersonaSheet.swift in Sources */,
				8CEB5B1629E72A8F00738F67 /* RoutineSelectionView_AddRoutineSheet.swift in Sources */,
				32F188A42A259A6A00546070 /* TabController.swift in Sources */,
				8CCF96F429F0A90700F86A28 /* IntroHistoryView_ListRow.swift in Sources */,
				321AB7832A037A0A00F77440 /* MainInfoView_GoalSheet.swift in Sources */,
				8C640B1929E360F90021EFBB /* MainInfoView.swift in Sources */,
				8C1D7DD129E0C50E009C18B3 /* MainSettingView.swift in Sources */,
				8C8F367F29DBA0DF00ED087B /* MainView.swift in Sources */,
				32F1A5AC2A11CBFA00671CB9 /* RoutineDetailView.swift in Sources */,
				321DDBD92A0210BB0067A96E /* IntroHistoryView.swift in Sources */,
				8C8F369029DBA24300ED087B /* RoutineExerciseView.swift in Sources */,
				8CE71E9F29A721D2006EEFE7 /* GymBroApp.swift in Sources */,
				32C6F6542A0B44AF008D7AD1 /* MainInfoView_GoalListRow.swift in Sources */,
				32F188A12A259A5C00546070 /* MainChartView.swift in Sources */,
				485935BF29E706CC009ECB2E /* RExer_AdExerShe_AddNewExerciseSheet.swift in Sources */,
			);
			runOnlyForDeploymentPostprocessing = 0;
		};
		8CE71EA729A721D3006EEFE7 /* Sources */ = {
			isa = PBXSourcesBuildPhase;
			buildActionMask = 2147483647;
			files = (
				8CE71EB029A721D3006EEFE7 /* GymBroTests.swift in Sources */,
			);
			runOnlyForDeploymentPostprocessing = 0;
		};
		8CE71EB129A721D3006EEFE7 /* Sources */ = {
			isa = PBXSourcesBuildPhase;
			buildActionMask = 2147483647;
			files = (
				8CE71EBC29A721D3006EEFE7 /* GymBroUITestsLaunchTests.swift in Sources */,
				8CE71EBA29A721D3006EEFE7 /* GymBroUITests.swift in Sources */,
			);
			runOnlyForDeploymentPostprocessing = 0;
		};
/* End PBXSourcesBuildPhase section */

/* Begin PBXTargetDependency section */
		8CE71EAD29A721D3006EEFE7 /* PBXTargetDependency */ = {
			isa = PBXTargetDependency;
			target = 8CE71E9A29A721D2006EEFE7 /* GymBro */;
			targetProxy = 8CE71EAC29A721D3006EEFE7 /* PBXContainerItemProxy */;
		};
		8CE71EB729A721D3006EEFE7 /* PBXTargetDependency */ = {
			isa = PBXTargetDependency;
			target = 8CE71E9A29A721D2006EEFE7 /* GymBro */;
			targetProxy = 8CE71EB629A721D3006EEFE7 /* PBXContainerItemProxy */;
		};
/* End PBXTargetDependency section */

/* Begin XCBuildConfiguration section */
		8CE71EBD29A721D3006EEFE7 /* Debug */ = {
			isa = XCBuildConfiguration;
			buildSettings = {
				ALWAYS_SEARCH_USER_PATHS = NO;
				CLANG_ANALYZER_NONNULL = YES;
				CLANG_ANALYZER_NUMBER_OBJECT_CONVERSION = YES_AGGRESSIVE;
				CLANG_CXX_LANGUAGE_STANDARD = "gnu++20";
				CLANG_ENABLE_MODULES = YES;
				CLANG_ENABLE_OBJC_ARC = YES;
				CLANG_ENABLE_OBJC_WEAK = YES;
				CLANG_WARN_BLOCK_CAPTURE_AUTORELEASING = YES;
				CLANG_WARN_BOOL_CONVERSION = YES;
				CLANG_WARN_COMMA = YES;
				CLANG_WARN_CONSTANT_CONVERSION = YES;
				CLANG_WARN_DEPRECATED_OBJC_IMPLEMENTATIONS = YES;
				CLANG_WARN_DIRECT_OBJC_ISA_USAGE = YES_ERROR;
				CLANG_WARN_DOCUMENTATION_COMMENTS = YES;
				CLANG_WARN_EMPTY_BODY = YES;
				CLANG_WARN_ENUM_CONVERSION = YES;
				CLANG_WARN_INFINITE_RECURSION = YES;
				CLANG_WARN_INT_CONVERSION = YES;
				CLANG_WARN_NON_LITERAL_NULL_CONVERSION = YES;
				CLANG_WARN_OBJC_IMPLICIT_RETAIN_SELF = YES;
				CLANG_WARN_OBJC_LITERAL_CONVERSION = YES;
				CLANG_WARN_OBJC_ROOT_CLASS = YES_ERROR;
				CLANG_WARN_QUOTED_INCLUDE_IN_FRAMEWORK_HEADER = YES;
				CLANG_WARN_RANGE_LOOP_ANALYSIS = YES;
				CLANG_WARN_STRICT_PROTOTYPES = YES;
				CLANG_WARN_SUSPICIOUS_MOVE = YES;
				CLANG_WARN_UNGUARDED_AVAILABILITY = YES_AGGRESSIVE;
				CLANG_WARN_UNREACHABLE_CODE = YES;
				CLANG_WARN__DUPLICATE_METHOD_MATCH = YES;
				COPY_PHASE_STRIP = NO;
				DEBUG_INFORMATION_FORMAT = dwarf;
				ENABLE_STRICT_OBJC_MSGSEND = YES;
				ENABLE_TESTABILITY = YES;
				GCC_C_LANGUAGE_STANDARD = gnu11;
				GCC_DYNAMIC_NO_PIC = NO;
				GCC_NO_COMMON_BLOCKS = YES;
				GCC_OPTIMIZATION_LEVEL = 0;
				GCC_PREPROCESSOR_DEFINITIONS = (
					"DEBUG=1",
					"$(inherited)",
				);
				GCC_WARN_64_TO_32_BIT_CONVERSION = YES;
				GCC_WARN_ABOUT_RETURN_TYPE = YES_ERROR;
				GCC_WARN_UNDECLARED_SELECTOR = YES;
				GCC_WARN_UNINITIALIZED_AUTOS = YES_AGGRESSIVE;
				GCC_WARN_UNUSED_FUNCTION = YES;
				GCC_WARN_UNUSED_VARIABLE = YES;
				IPHONEOS_DEPLOYMENT_TARGET = 16.2;
				MTL_ENABLE_DEBUG_INFO = INCLUDE_SOURCE;
				MTL_FAST_MATH = YES;
				ONLY_ACTIVE_ARCH = YES;
				SDKROOT = iphoneos;
				SWIFT_ACTIVE_COMPILATION_CONDITIONS = DEBUG;
				SWIFT_OPTIMIZATION_LEVEL = "-Onone";
			};
			name = Debug;
		};
		8CE71EBE29A721D3006EEFE7 /* Release */ = {
			isa = XCBuildConfiguration;
			buildSettings = {
				ALWAYS_SEARCH_USER_PATHS = NO;
				CLANG_ANALYZER_NONNULL = YES;
				CLANG_ANALYZER_NUMBER_OBJECT_CONVERSION = YES_AGGRESSIVE;
				CLANG_CXX_LANGUAGE_STANDARD = "gnu++20";
				CLANG_ENABLE_MODULES = YES;
				CLANG_ENABLE_OBJC_ARC = YES;
				CLANG_ENABLE_OBJC_WEAK = YES;
				CLANG_WARN_BLOCK_CAPTURE_AUTORELEASING = YES;
				CLANG_WARN_BOOL_CONVERSION = YES;
				CLANG_WARN_COMMA = YES;
				CLANG_WARN_CONSTANT_CONVERSION = YES;
				CLANG_WARN_DEPRECATED_OBJC_IMPLEMENTATIONS = YES;
				CLANG_WARN_DIRECT_OBJC_ISA_USAGE = YES_ERROR;
				CLANG_WARN_DOCUMENTATION_COMMENTS = YES;
				CLANG_WARN_EMPTY_BODY = YES;
				CLANG_WARN_ENUM_CONVERSION = YES;
				CLANG_WARN_INFINITE_RECURSION = YES;
				CLANG_WARN_INT_CONVERSION = YES;
				CLANG_WARN_NON_LITERAL_NULL_CONVERSION = YES;
				CLANG_WARN_OBJC_IMPLICIT_RETAIN_SELF = YES;
				CLANG_WARN_OBJC_LITERAL_CONVERSION = YES;
				CLANG_WARN_OBJC_ROOT_CLASS = YES_ERROR;
				CLANG_WARN_QUOTED_INCLUDE_IN_FRAMEWORK_HEADER = YES;
				CLANG_WARN_RANGE_LOOP_ANALYSIS = YES;
				CLANG_WARN_STRICT_PROTOTYPES = YES;
				CLANG_WARN_SUSPICIOUS_MOVE = YES;
				CLANG_WARN_UNGUARDED_AVAILABILITY = YES_AGGRESSIVE;
				CLANG_WARN_UNREACHABLE_CODE = YES;
				CLANG_WARN__DUPLICATE_METHOD_MATCH = YES;
				COPY_PHASE_STRIP = NO;
				DEBUG_INFORMATION_FORMAT = "dwarf-with-dsym";
				ENABLE_NS_ASSERTIONS = NO;
				ENABLE_STRICT_OBJC_MSGSEND = YES;
				GCC_C_LANGUAGE_STANDARD = gnu11;
				GCC_NO_COMMON_BLOCKS = YES;
				GCC_WARN_64_TO_32_BIT_CONVERSION = YES;
				GCC_WARN_ABOUT_RETURN_TYPE = YES_ERROR;
				GCC_WARN_UNDECLARED_SELECTOR = YES;
				GCC_WARN_UNINITIALIZED_AUTOS = YES_AGGRESSIVE;
				GCC_WARN_UNUSED_FUNCTION = YES;
				GCC_WARN_UNUSED_VARIABLE = YES;
				IPHONEOS_DEPLOYMENT_TARGET = 16.2;
				MTL_ENABLE_DEBUG_INFO = NO;
				MTL_FAST_MATH = YES;
				SDKROOT = iphoneos;
				SWIFT_COMPILATION_MODE = wholemodule;
				SWIFT_OPTIMIZATION_LEVEL = "-O";
				VALIDATE_PRODUCT = YES;
			};
			name = Release;
		};
		8CE71EC029A721D3006EEFE7 /* Debug */ = {
			isa = XCBuildConfiguration;
			buildSettings = {
				ASSETCATALOG_COMPILER_APPICON_NAME = AppIcon;
				ASSETCATALOG_COMPILER_GLOBAL_ACCENT_COLOR_NAME = AccentColor;
				CODE_SIGN_STYLE = Automatic;
				CURRENT_PROJECT_VERSION = 1;
				DEVELOPMENT_ASSET_PATHS = "\"GymBro/Preview Content\"";
				ENABLE_PREVIEWS = YES;
				GENERATE_INFOPLIST_FILE = YES;
				INFOPLIST_KEY_UIApplicationSceneManifest_Generation = YES;
				INFOPLIST_KEY_UIApplicationSupportsIndirectInputEvents = YES;
				INFOPLIST_KEY_UILaunchScreen_Generation = YES;
				INFOPLIST_KEY_UISupportedInterfaceOrientations_iPad = "UIInterfaceOrientationPortrait UIInterfaceOrientationPortraitUpsideDown UIInterfaceOrientationLandscapeLeft UIInterfaceOrientationLandscapeRight";
				INFOPLIST_KEY_UISupportedInterfaceOrientations_iPhone = "UIInterfaceOrientationPortrait UIInterfaceOrientationLandscapeLeft UIInterfaceOrientationLandscapeRight";
				IPHONEOS_DEPLOYMENT_TARGET = 15.6;
				LD_RUNPATH_SEARCH_PATHS = (
					"$(inherited)",
					"@executable_path/Frameworks",
				);
				MARKETING_VERSION = 1.0;
				PRODUCT_BUNDLE_IDENTIFIER = com.cklexcompany.GymBro;
				PRODUCT_NAME = "$(TARGET_NAME)";
				SWIFT_EMIT_LOC_STRINGS = YES;
				SWIFT_VERSION = 5.0;
				TARGETED_DEVICE_FAMILY = "1,2";
			};
			name = Debug;
		};
		8CE71EC129A721D3006EEFE7 /* Release */ = {
			isa = XCBuildConfiguration;
			buildSettings = {
				ASSETCATALOG_COMPILER_APPICON_NAME = AppIcon;
				ASSETCATALOG_COMPILER_GLOBAL_ACCENT_COLOR_NAME = AccentColor;
				CODE_SIGN_STYLE = Automatic;
				CURRENT_PROJECT_VERSION = 1;
				DEVELOPMENT_ASSET_PATHS = "\"GymBro/Preview Content\"";
				ENABLE_PREVIEWS = YES;
				GENERATE_INFOPLIST_FILE = YES;
				INFOPLIST_KEY_UIApplicationSceneManifest_Generation = YES;
				INFOPLIST_KEY_UIApplicationSupportsIndirectInputEvents = YES;
				INFOPLIST_KEY_UILaunchScreen_Generation = YES;
				INFOPLIST_KEY_UISupportedInterfaceOrientations_iPad = "UIInterfaceOrientationPortrait UIInterfaceOrientationPortraitUpsideDown UIInterfaceOrientationLandscapeLeft UIInterfaceOrientationLandscapeRight";
				INFOPLIST_KEY_UISupportedInterfaceOrientations_iPhone = "UIInterfaceOrientationPortrait UIInterfaceOrientationLandscapeLeft UIInterfaceOrientationLandscapeRight";
				IPHONEOS_DEPLOYMENT_TARGET = 15.6;
				LD_RUNPATH_SEARCH_PATHS = (
					"$(inherited)",
					"@executable_path/Frameworks",
				);
				MARKETING_VERSION = 1.0;
				PRODUCT_BUNDLE_IDENTIFIER = com.cklexcompany.GymBro;
				PRODUCT_NAME = "$(TARGET_NAME)";
				SWIFT_EMIT_LOC_STRINGS = YES;
				SWIFT_VERSION = 5.0;
				TARGETED_DEVICE_FAMILY = "1,2";
			};
			name = Release;
		};
		8CE71EC329A721D3006EEFE7 /* Debug */ = {
			isa = XCBuildConfiguration;
			buildSettings = {
				ALWAYS_EMBED_SWIFT_STANDARD_LIBRARIES = YES;
				BUNDLE_LOADER = "$(TEST_HOST)";
				CODE_SIGN_STYLE = Automatic;
				CURRENT_PROJECT_VERSION = 1;
				GENERATE_INFOPLIST_FILE = YES;
				IPHONEOS_DEPLOYMENT_TARGET = 16.2;
				MARKETING_VERSION = 1.0;
				PRODUCT_BUNDLE_IDENTIFIER = com.cklexcompany.GymBroTests;
				PRODUCT_NAME = "$(TARGET_NAME)";
				SWIFT_EMIT_LOC_STRINGS = NO;
				SWIFT_VERSION = 5.0;
				TARGETED_DEVICE_FAMILY = "1,2";
				TEST_HOST = "$(BUILT_PRODUCTS_DIR)/GymBro.app/$(BUNDLE_EXECUTABLE_FOLDER_PATH)/GymBro";
			};
			name = Debug;
		};
		8CE71EC429A721D3006EEFE7 /* Release */ = {
			isa = XCBuildConfiguration;
			buildSettings = {
				ALWAYS_EMBED_SWIFT_STANDARD_LIBRARIES = YES;
				BUNDLE_LOADER = "$(TEST_HOST)";
				CODE_SIGN_STYLE = Automatic;
				CURRENT_PROJECT_VERSION = 1;
				GENERATE_INFOPLIST_FILE = YES;
				IPHONEOS_DEPLOYMENT_TARGET = 16.2;
				MARKETING_VERSION = 1.0;
				PRODUCT_BUNDLE_IDENTIFIER = com.cklexcompany.GymBroTests;
				PRODUCT_NAME = "$(TARGET_NAME)";
				SWIFT_EMIT_LOC_STRINGS = NO;
				SWIFT_VERSION = 5.0;
				TARGETED_DEVICE_FAMILY = "1,2";
				TEST_HOST = "$(BUILT_PRODUCTS_DIR)/GymBro.app/$(BUNDLE_EXECUTABLE_FOLDER_PATH)/GymBro";
			};
			name = Release;
		};
		8CE71EC629A721D3006EEFE7 /* Debug */ = {
			isa = XCBuildConfiguration;
			buildSettings = {
				ALWAYS_EMBED_SWIFT_STANDARD_LIBRARIES = YES;
				CODE_SIGN_STYLE = Automatic;
				CURRENT_PROJECT_VERSION = 1;
				GENERATE_INFOPLIST_FILE = YES;
				MARKETING_VERSION = 1.0;
				PRODUCT_BUNDLE_IDENTIFIER = com.cklexcompany.GymBroUITests;
				PRODUCT_NAME = "$(TARGET_NAME)";
				SWIFT_EMIT_LOC_STRINGS = NO;
				SWIFT_VERSION = 5.0;
				TARGETED_DEVICE_FAMILY = "1,2";
				TEST_TARGET_NAME = GymBro;
			};
			name = Debug;
		};
		8CE71EC729A721D3006EEFE7 /* Release */ = {
			isa = XCBuildConfiguration;
			buildSettings = {
				ALWAYS_EMBED_SWIFT_STANDARD_LIBRARIES = YES;
				CODE_SIGN_STYLE = Automatic;
				CURRENT_PROJECT_VERSION = 1;
				GENERATE_INFOPLIST_FILE = YES;
				MARKETING_VERSION = 1.0;
				PRODUCT_BUNDLE_IDENTIFIER = com.cklexcompany.GymBroUITests;
				PRODUCT_NAME = "$(TARGET_NAME)";
				SWIFT_EMIT_LOC_STRINGS = NO;
				SWIFT_VERSION = 5.0;
				TARGETED_DEVICE_FAMILY = "1,2";
				TEST_TARGET_NAME = GymBro;
			};
			name = Release;
		};
/* End XCBuildConfiguration section */

/* Begin XCConfigurationList section */
		8CE71E9629A721D2006EEFE7 /* Build configuration list for PBXProject "GymBro" */ = {
			isa = XCConfigurationList;
			buildConfigurations = (
				8CE71EBD29A721D3006EEFE7 /* Debug */,
				8CE71EBE29A721D3006EEFE7 /* Release */,
			);
			defaultConfigurationIsVisible = 0;
			defaultConfigurationName = Release;
		};
		8CE71EBF29A721D3006EEFE7 /* Build configuration list for PBXNativeTarget "GymBro" */ = {
			isa = XCConfigurationList;
			buildConfigurations = (
				8CE71EC029A721D3006EEFE7 /* Debug */,
				8CE71EC129A721D3006EEFE7 /* Release */,
			);
			defaultConfigurationIsVisible = 0;
			defaultConfigurationName = Release;
		};
		8CE71EC229A721D3006EEFE7 /* Build configuration list for PBXNativeTarget "GymBroTests" */ = {
			isa = XCConfigurationList;
			buildConfigurations = (
				8CE71EC329A721D3006EEFE7 /* Debug */,
				8CE71EC429A721D3006EEFE7 /* Release */,
			);
			defaultConfigurationIsVisible = 0;
			defaultConfigurationName = Release;
		};
		8CE71EC529A721D3006EEFE7 /* Build configuration list for PBXNativeTarget "GymBroUITests" */ = {
			isa = XCConfigurationList;
			buildConfigurations = (
				8CE71EC629A721D3006EEFE7 /* Debug */,
				8CE71EC729A721D3006EEFE7 /* Release */,
			);
			defaultConfigurationIsVisible = 0;
			defaultConfigurationName = Release;
		};
/* End XCConfigurationList section */
	};
	rootObject = 8CE71E9329A721D2006EEFE7 /* Project object */;
}
